// !$*UTF8*$!
{
	archiveVersion = 1;
	classes = {
	};
	objectVersion = 46;
	objects = {

/* Begin PBXBuildFile section */
		0AED181C1CE47D380080C3EB /* JJConversationController.m in Sources */ = {isa = PBXBuildFile; fileRef = 0AED181B1CE47D380080C3EB /* JJConversationController.m */; };
		3FD3C1E7288164DC48AC573C /* libPods.a in Frameworks */ = {isa = PBXBuildFile; fileRef = 0809699768DCBB14E0E5059D /* libPods.a */; };
		942C6E2D1C774D8D00D43313 /* MapKit.framework in Frameworks */ = {isa = PBXBuildFile; fileRef = 942C6E2C1C774D8D00D43313 /* MapKit.framework */; };
		9486E59C1C78294800F22B91 /* JJSettingViewController.m in Sources */ = {isa = PBXBuildFile; fileRef = 9486E59B1C78294800F22B91 /* JJSettingViewController.m */; };
		94945EEA1C77740700FD5CE7 /* FMDatabase.m in Sources */ = {isa = PBXBuildFile; fileRef = 94945EE01C77740700FD5CE7 /* FMDatabase.m */; };
		94945EEB1C77740700FD5CE7 /* FMDatabaseAdditions.m in Sources */ = {isa = PBXBuildFile; fileRef = 94945EE21C77740700FD5CE7 /* FMDatabaseAdditions.m */; };
		94945EEC1C77740700FD5CE7 /* FMDatabasePool.m in Sources */ = {isa = PBXBuildFile; fileRef = 94945EE41C77740700FD5CE7 /* FMDatabasePool.m */; };
		94945EED1C77740700FD5CE7 /* FMDatabaseQueue.m in Sources */ = {isa = PBXBuildFile; fileRef = 94945EE61C77740700FD5CE7 /* FMDatabaseQueue.m */; };
		94945EEE1C77740700FD5CE7 /* FMResultSet.m in Sources */ = {isa = PBXBuildFile; fileRef = 94945EE91C77740700FD5CE7 /* FMResultSet.m */; };
		94945EF01C7778D200FD5CE7 /* libsqlite3.dylib in Frameworks */ = {isa = PBXBuildFile; fileRef = 94945EEF1C7778D100FD5CE7 /* libsqlite3.dylib */; };
		94945EF41C777BEF00FD5CE7 /* JJDataBase.m in Sources */ = {isa = PBXBuildFile; fileRef = 94945EF31C777BEF00FD5CE7 /* JJDataBase.m */; };
		94D9EE191C76EA0E00BC6A36 /* main.m in Sources */ = {isa = PBXBuildFile; fileRef = 94D9EE181C76EA0E00BC6A36 /* main.m */; };
		94D9EE1C1C76EA0E00BC6A36 /* AppDelegate.m in Sources */ = {isa = PBXBuildFile; fileRef = 94D9EE1B1C76EA0E00BC6A36 /* AppDelegate.m */; };
		94D9EE221C76EA0E00BC6A36 /* Main.storyboard in Resources */ = {isa = PBXBuildFile; fileRef = 94D9EE201C76EA0E00BC6A36 /* Main.storyboard */; };
		94D9EE241C76EA0E00BC6A36 /* Assets.xcassets in Resources */ = {isa = PBXBuildFile; fileRef = 94D9EE231C76EA0E00BC6A36 /* Assets.xcassets */; };
		94D9EE271C76EA0E00BC6A36 /* LaunchScreen.storyboard in Resources */ = {isa = PBXBuildFile; fileRef = 94D9EE251C76EA0E00BC6A36 /* LaunchScreen.storyboard */; };
		94D9EE321C76EA0E00BC6A36 /* ____Tests.m in Sources */ = {isa = PBXBuildFile; fileRef = 94D9EE311C76EA0E00BC6A36 /* ____Tests.m */; };
		94D9EE3E1C76ECF600BC6A36 /* JJTabbarController.m in Sources */ = {isa = PBXBuildFile; fileRef = 94D9EE3D1C76ECF600BC6A36 /* JJTabbarController.m */; };
		94D9EE471C76EF3F00BC6A36 /* JJNavigationController.m in Sources */ = {isa = PBXBuildFile; fileRef = 94D9EE461C76EF3F00BC6A36 /* JJNavigationController.m */; };
		94D9EE4A1C76EFA800BC6A36 /* JJHomeViewController.m in Sources */ = {isa = PBXBuildFile; fileRef = 94D9EE491C76EFA800BC6A36 /* JJHomeViewController.m */; };
		94D9EE4D1C76F21700BC6A36 /* JJProfileViewController.m in Sources */ = {isa = PBXBuildFile; fileRef = 94D9EE4C1C76F21700BC6A36 /* JJProfileViewController.m */; };
		94D9EE501C76F22E00BC6A36 /* JJDiscoverViewController.m in Sources */ = {isa = PBXBuildFile; fileRef = 94D9EE4F1C76F22E00BC6A36 /* JJDiscoverViewController.m */; };
		94D9EE571C76F4C700BC6A36 /* JJMapViewController.m in Sources */ = {isa = PBXBuildFile; fileRef = 94D9EE561C76F4C700BC6A36 /* JJMapViewController.m */; };
		94D9EE5E1C7706A200BC6A36 /* JJstatusCell.m in Sources */ = {isa = PBXBuildFile; fileRef = 94D9EE5C1C7706A200BC6A36 /* JJstatusCell.m */; };
		94D9EE5F1C7706A200BC6A36 /* JJstatusCell.xib in Resources */ = {isa = PBXBuildFile; fileRef = 94D9EE5D1C7706A200BC6A36 /* JJstatusCell.xib */; };
		94D9EE621C770F3500BC6A36 /* JJStatus.m in Sources */ = {isa = PBXBuildFile; fileRef = 94D9EE611C770F3500BC6A36 /* JJStatus.m */; };
		94D9EE651C77156D00BC6A36 /* JJTabBar.m in Sources */ = {isa = PBXBuildFile; fileRef = 94D9EE641C77156D00BC6A36 /* JJTabBar.m */; };
		94D9EE681C77158A00BC6A36 /* JJTabBarButton.m in Sources */ = {isa = PBXBuildFile; fileRef = 94D9EE671C77158A00BC6A36 /* JJTabBarButton.m */; };
		94D9EE6B1C7719BC00BC6A36 /* JJPlusViewController.m in Sources */ = {isa = PBXBuildFile; fileRef = 94D9EE6A1C7719BC00BC6A36 /* JJPlusViewController.m */; };
/* End PBXBuildFile section */

/* Begin PBXContainerItemProxy section */
		94D9EE2E1C76EA0E00BC6A36 /* PBXContainerItemProxy */ = {
			isa = PBXContainerItemProxy;
			containerPortal = 94D9EE0C1C76EA0E00BC6A36 /* Project object */;
			proxyType = 1;
			remoteGlobalIDString = 94D9EE131C76EA0E00BC6A36;
			remoteInfo = "嵩山野行";
		};
/* End PBXContainerItemProxy section */

/* Begin PBXFileReference section */
		0809699768DCBB14E0E5059D /* libPods.a */ = {isa = PBXFileReference; explicitFileType = archive.ar; includeInIndex = 0; path = libPods.a; sourceTree = BUILT_PRODUCTS_DIR; };
		0AED181A1CE47D380080C3EB /* JJConversationController.h */ = {isa = PBXFileReference; fileEncoding = 4; lastKnownFileType = sourcecode.c.h; path = JJConversationController.h; sourceTree = "<group>"; };
		0AED181B1CE47D380080C3EB /* JJConversationController.m */ = {isa = PBXFileReference; fileEncoding = 4; lastKnownFileType = sourcecode.c.objc; path = JJConversationController.m; sourceTree = "<group>"; };
		5C22D2EAE6F8833F44348621 /* Pods.release.xcconfig */ = {isa = PBXFileReference; includeInIndex = 1; lastKnownFileType = text.xcconfig; name = Pods.release.xcconfig; path = "Pods/Target Support Files/Pods/Pods.release.xcconfig"; sourceTree = "<group>"; };
		73C67999F67CA71FA4898159 /* Pods.debug.xcconfig */ = {isa = PBXFileReference; includeInIndex = 1; lastKnownFileType = text.xcconfig; name = Pods.debug.xcconfig; path = "Pods/Target Support Files/Pods/Pods.debug.xcconfig"; sourceTree = "<group>"; };
		942C6E2C1C774D8D00D43313 /* MapKit.framework */ = {isa = PBXFileReference; lastKnownFileType = wrapper.framework; name = MapKit.framework; path = System/Library/Frameworks/MapKit.framework; sourceTree = SDKROOT; };
		9486E59A1C78294800F22B91 /* JJSettingViewController.h */ = {isa = PBXFileReference; fileEncoding = 4; lastKnownFileType = sourcecode.c.h; path = JJSettingViewController.h; sourceTree = "<group>"; };
		9486E59B1C78294800F22B91 /* JJSettingViewController.m */ = {isa = PBXFileReference; fileEncoding = 4; lastKnownFileType = sourcecode.c.objc; path = JJSettingViewController.m; sourceTree = "<group>"; };
		94945EDF1C77740700FD5CE7 /* FMDatabase.h */ = {isa = PBXFileReference; fileEncoding = 4; lastKnownFileType = sourcecode.c.h; path = FMDatabase.h; sourceTree = "<group>"; };
		94945EE01C77740700FD5CE7 /* FMDatabase.m */ = {isa = PBXFileReference; fileEncoding = 4; lastKnownFileType = sourcecode.c.objc; path = FMDatabase.m; sourceTree = "<group>"; };
		94945EE11C77740700FD5CE7 /* FMDatabaseAdditions.h */ = {isa = PBXFileReference; fileEncoding = 4; lastKnownFileType = sourcecode.c.h; path = FMDatabaseAdditions.h; sourceTree = "<group>"; };
		94945EE21C77740700FD5CE7 /* FMDatabaseAdditions.m */ = {isa = PBXFileReference; fileEncoding = 4; lastKnownFileType = sourcecode.c.objc; path = FMDatabaseAdditions.m; sourceTree = "<group>"; };
		94945EE31C77740700FD5CE7 /* FMDatabasePool.h */ = {isa = PBXFileReference; fileEncoding = 4; lastKnownFileType = sourcecode.c.h; path = FMDatabasePool.h; sourceTree = "<group>"; };
		94945EE41C77740700FD5CE7 /* FMDatabasePool.m */ = {isa = PBXFileReference; fileEncoding = 4; lastKnownFileType = sourcecode.c.objc; path = FMDatabasePool.m; sourceTree = "<group>"; };
		94945EE51C77740700FD5CE7 /* FMDatabaseQueue.h */ = {isa = PBXFileReference; fileEncoding = 4; lastKnownFileType = sourcecode.c.h; path = FMDatabaseQueue.h; sourceTree = "<group>"; };
		94945EE61C77740700FD5CE7 /* FMDatabaseQueue.m */ = {isa = PBXFileReference; fileEncoding = 4; lastKnownFileType = sourcecode.c.objc; path = FMDatabaseQueue.m; sourceTree = "<group>"; };
		94945EE71C77740700FD5CE7 /* FMDB.h */ = {isa = PBXFileReference; fileEncoding = 4; lastKnownFileType = sourcecode.c.h; path = FMDB.h; sourceTree = "<group>"; };
		94945EE81C77740700FD5CE7 /* FMResultSet.h */ = {isa = PBXFileReference; fileEncoding = 4; lastKnownFileType = sourcecode.c.h; path = FMResultSet.h; sourceTree = "<group>"; };
		94945EE91C77740700FD5CE7 /* FMResultSet.m */ = {isa = PBXFileReference; fileEncoding = 4; lastKnownFileType = sourcecode.c.objc; path = FMResultSet.m; sourceTree = "<group>"; };
		94945EEF1C7778D100FD5CE7 /* libsqlite3.dylib */ = {isa = PBXFileReference; lastKnownFileType = "compiled.mach-o.dylib"; name = libsqlite3.dylib; path = ../../../../usr/lib/libsqlite3.dylib; sourceTree = "<group>"; };
		94945EF21C777BEF00FD5CE7 /* JJDataBase.h */ = {isa = PBXFileReference; fileEncoding = 4; lastKnownFileType = sourcecode.c.h; path = JJDataBase.h; sourceTree = "<group>"; };
		94945EF31C777BEF00FD5CE7 /* JJDataBase.m */ = {isa = PBXFileReference; fileEncoding = 4; lastKnownFileType = sourcecode.c.objc; path = JJDataBase.m; sourceTree = "<group>"; };
		94D9EE141C76EA0E00BC6A36 /* 嵩山野行.app */ = {isa = PBXFileReference; explicitFileType = wrapper.application; includeInIndex = 0; path = "嵩山野行.app"; sourceTree = BUILT_PRODUCTS_DIR; };
		94D9EE181C76EA0E00BC6A36 /* main.m */ = {isa = PBXFileReference; lastKnownFileType = sourcecode.c.objc; path = main.m; sourceTree = "<group>"; };
		94D9EE1A1C76EA0E00BC6A36 /* AppDelegate.h */ = {isa = PBXFileReference; lastKnownFileType = sourcecode.c.h; path = AppDelegate.h; sourceTree = "<group>"; };
		94D9EE1B1C76EA0E00BC6A36 /* AppDelegate.m */ = {isa = PBXFileReference; lastKnownFileType = sourcecode.c.objc; path = AppDelegate.m; sourceTree = "<group>"; };
		94D9EE211C76EA0E00BC6A36 /* Base */ = {isa = PBXFileReference; lastKnownFileType = file.storyboard; name = Base; path = Base.lproj/Main.storyboard; sourceTree = "<group>"; };
		94D9EE231C76EA0E00BC6A36 /* Assets.xcassets */ = {isa = PBXFileReference; lastKnownFileType = folder.assetcatalog; path = Assets.xcassets; sourceTree = "<group>"; };
		94D9EE261C76EA0E00BC6A36 /* Base */ = {isa = PBXFileReference; lastKnownFileType = file.storyboard; name = Base; path = Base.lproj/LaunchScreen.storyboard; sourceTree = "<group>"; };
		94D9EE281C76EA0E00BC6A36 /* Info.plist */ = {isa = PBXFileReference; lastKnownFileType = text.plist.xml; path = Info.plist; sourceTree = "<group>"; };
		94D9EE2D1C76EA0E00BC6A36 /* 嵩山野行Tests.xctest */ = {isa = PBXFileReference; explicitFileType = wrapper.cfbundle; includeInIndex = 0; path = "嵩山野行Tests.xctest"; sourceTree = BUILT_PRODUCTS_DIR; };
		94D9EE311C76EA0E00BC6A36 /* ____Tests.m */ = {isa = PBXFileReference; lastKnownFileType = sourcecode.c.objc; path = "____Tests.m"; sourceTree = "<group>"; };
		94D9EE331C76EA0E00BC6A36 /* Info.plist */ = {isa = PBXFileReference; lastKnownFileType = text.plist.xml; path = Info.plist; sourceTree = "<group>"; };
		94D9EE3C1C76ECF600BC6A36 /* JJTabbarController.h */ = {isa = PBXFileReference; fileEncoding = 4; lastKnownFileType = sourcecode.c.h; path = JJTabbarController.h; sourceTree = "<group>"; };
		94D9EE3D1C76ECF600BC6A36 /* JJTabbarController.m */ = {isa = PBXFileReference; fileEncoding = 4; lastKnownFileType = sourcecode.c.objc; path = JJTabbarController.m; sourceTree = "<group>"; };
		94D9EE451C76EF3F00BC6A36 /* JJNavigationController.h */ = {isa = PBXFileReference; fileEncoding = 4; lastKnownFileType = sourcecode.c.h; path = JJNavigationController.h; sourceTree = "<group>"; };
		94D9EE461C76EF3F00BC6A36 /* JJNavigationController.m */ = {isa = PBXFileReference; fileEncoding = 4; lastKnownFileType = sourcecode.c.objc; path = JJNavigationController.m; sourceTree = "<group>"; };
		94D9EE481C76EFA800BC6A36 /* JJHomeViewController.h */ = {isa = PBXFileReference; fileEncoding = 4; lastKnownFileType = sourcecode.c.h; path = JJHomeViewController.h; sourceTree = "<group>"; };
		94D9EE491C76EFA800BC6A36 /* JJHomeViewController.m */ = {isa = PBXFileReference; fileEncoding = 4; lastKnownFileType = sourcecode.c.objc; path = JJHomeViewController.m; sourceTree = "<group>"; };
		94D9EE4B1C76F21700BC6A36 /* JJProfileViewController.h */ = {isa = PBXFileReference; fileEncoding = 4; lastKnownFileType = sourcecode.c.h; path = JJProfileViewController.h; sourceTree = "<group>"; };
		94D9EE4C1C76F21700BC6A36 /* JJProfileViewController.m */ = {isa = PBXFileReference; fileEncoding = 4; lastKnownFileType = sourcecode.c.objc; path = JJProfileViewController.m; sourceTree = "<group>"; };
		94D9EE4E1C76F22E00BC6A36 /* JJDiscoverViewController.h */ = {isa = PBXFileReference; fileEncoding = 4; lastKnownFileType = sourcecode.c.h; path = JJDiscoverViewController.h; sourceTree = "<group>"; };
		94D9EE4F1C76F22E00BC6A36 /* JJDiscoverViewController.m */ = {isa = PBXFileReference; fileEncoding = 4; lastKnownFileType = sourcecode.c.objc; path = JJDiscoverViewController.m; sourceTree = "<group>"; };
		94D9EE551C76F4C700BC6A36 /* JJMapViewController.h */ = {isa = PBXFileReference; fileEncoding = 4; lastKnownFileType = sourcecode.c.h; path = JJMapViewController.h; sourceTree = "<group>"; };
		94D9EE561C76F4C700BC6A36 /* JJMapViewController.m */ = {isa = PBXFileReference; fileEncoding = 4; lastKnownFileType = sourcecode.c.objc; path = JJMapViewController.m; sourceTree = "<group>"; };
		94D9EE5B1C7706A200BC6A36 /* JJstatusCell.h */ = {isa = PBXFileReference; fileEncoding = 4; lastKnownFileType = sourcecode.c.h; path = JJstatusCell.h; sourceTree = "<group>"; };
		94D9EE5C1C7706A200BC6A36 /* JJstatusCell.m */ = {isa = PBXFileReference; fileEncoding = 4; lastKnownFileType = sourcecode.c.objc; path = JJstatusCell.m; sourceTree = "<group>"; };
		94D9EE5D1C7706A200BC6A36 /* JJstatusCell.xib */ = {isa = PBXFileReference; fileEncoding = 4; lastKnownFileType = file.xib; path = JJstatusCell.xib; sourceTree = "<group>"; };
		94D9EE601C770F3500BC6A36 /* JJStatus.h */ = {isa = PBXFileReference; fileEncoding = 4; lastKnownFileType = sourcecode.c.h; path = JJStatus.h; sourceTree = "<group>"; };
		94D9EE611C770F3500BC6A36 /* JJStatus.m */ = {isa = PBXFileReference; fileEncoding = 4; lastKnownFileType = sourcecode.c.objc; path = JJStatus.m; sourceTree = "<group>"; };
		94D9EE631C77156D00BC6A36 /* JJTabBar.h */ = {isa = PBXFileReference; fileEncoding = 4; lastKnownFileType = sourcecode.c.h; path = JJTabBar.h; sourceTree = "<group>"; };
		94D9EE641C77156D00BC6A36 /* JJTabBar.m */ = {isa = PBXFileReference; fileEncoding = 4; lastKnownFileType = sourcecode.c.objc; path = JJTabBar.m; sourceTree = "<group>"; };
		94D9EE661C77158A00BC6A36 /* JJTabBarButton.h */ = {isa = PBXFileReference; fileEncoding = 4; lastKnownFileType = sourcecode.c.h; path = JJTabBarButton.h; sourceTree = "<group>"; };
		94D9EE671C77158A00BC6A36 /* JJTabBarButton.m */ = {isa = PBXFileReference; fileEncoding = 4; lastKnownFileType = sourcecode.c.objc; path = JJTabBarButton.m; sourceTree = "<group>"; };
		94D9EE691C7719BC00BC6A36 /* JJPlusViewController.h */ = {isa = PBXFileReference; fileEncoding = 4; lastKnownFileType = sourcecode.c.h; path = JJPlusViewController.h; sourceTree = "<group>"; };
		94D9EE6A1C7719BC00BC6A36 /* JJPlusViewController.m */ = {isa = PBXFileReference; fileEncoding = 4; lastKnownFileType = sourcecode.c.objc; path = JJPlusViewController.m; sourceTree = "<group>"; };
/* End PBXFileReference section */

/* Begin PBXFrameworksBuildPhase section */
		94D9EE111C76EA0E00BC6A36 /* Frameworks */ = {
			isa = PBXFrameworksBuildPhase;
			buildActionMask = 2147483647;
			files = (
				94945EF01C7778D200FD5CE7 /* libsqlite3.dylib in Frameworks */,
				942C6E2D1C774D8D00D43313 /* MapKit.framework in Frameworks */,
				3FD3C1E7288164DC48AC573C /* libPods.a in Frameworks */,
			);
			runOnlyForDeploymentPostprocessing = 0;
		};
		94D9EE2A1C76EA0E00BC6A36 /* Frameworks */ = {
			isa = PBXFrameworksBuildPhase;
			buildActionMask = 2147483647;
			files = (
			);
			runOnlyForDeploymentPostprocessing = 0;
		};
/* End PBXFrameworksBuildPhase section */

/* Begin PBXGroup section */
		0AED18191CE47CD50080C3EB /* chat */ = {
			isa = PBXGroup;
			children = (
				0AED181A1CE47D380080C3EB /* JJConversationController.h */,
				0AED181B1CE47D380080C3EB /* JJConversationController.m */,
			);
			path = chat;
			sourceTree = "<group>";
		};
		3E4FDA1A2ED246C8F270611C /* Frameworks */ = {
			isa = PBXGroup;
			children = (
				0809699768DCBB14E0E5059D /* libPods.a */,
			);
			name = Frameworks;
			sourceTree = "<group>";
		};
		9486E5991C78292000F22B91 /* Controller */ = {
			isa = PBXGroup;
			children = (
				94D9EE4B1C76F21700BC6A36 /* JJProfileViewController.h */,
				94D9EE4C1C76F21700BC6A36 /* JJProfileViewController.m */,
				9486E59A1C78294800F22B91 /* JJSettingViewController.h */,
				9486E59B1C78294800F22B91 /* JJSettingViewController.m */,
			);
			name = Controller;
			sourceTree = "<group>";
		};
		94945EDD1C77740700FD5CE7 /* Libs */ = {
			isa = PBXGroup;
			children = (
				94945EDE1C77740700FD5CE7 /* fmdb */,
			);
			path = Libs;
			sourceTree = "<group>";
		};
		94945EDE1C77740700FD5CE7 /* fmdb */ = {
			isa = PBXGroup;
			children = (
				94945EDF1C77740700FD5CE7 /* FMDatabase.h */,
				94945EE01C77740700FD5CE7 /* FMDatabase.m */,
				94945EE11C77740700FD5CE7 /* FMDatabaseAdditions.h */,
				94945EE21C77740700FD5CE7 /* FMDatabaseAdditions.m */,
				94945EE31C77740700FD5CE7 /* FMDatabasePool.h */,
				94945EE41C77740700FD5CE7 /* FMDatabasePool.m */,
				94945EE51C77740700FD5CE7 /* FMDatabaseQueue.h */,
				94945EE61C77740700FD5CE7 /* FMDatabaseQueue.m */,
				94945EE71C77740700FD5CE7 /* FMDB.h */,
				94945EE81C77740700FD5CE7 /* FMResultSet.h */,
				94945EE91C77740700FD5CE7 /* FMResultSet.m */,
			);
			path = fmdb;
			sourceTree = "<group>";
		};
		94945EF11C777BB700FD5CE7 /* Tools */ = {
			isa = PBXGroup;
			children = (
				94945EF21C777BEF00FD5CE7 /* JJDataBase.h */,
				94945EF31C777BEF00FD5CE7 /* JJDataBase.m */,
			);
			name = Tools;
			sourceTree = "<group>";
		};
		94D9EE0B1C76EA0E00BC6A36 = {
			isa = PBXGroup;
			children = (
				94945EEF1C7778D100FD5CE7 /* libsqlite3.dylib */,
				942C6E2C1C774D8D00D43313 /* MapKit.framework */,
				94D9EE161C76EA0E00BC6A36 /* 嵩山野行 */,
				94D9EE301C76EA0E00BC6A36 /* 嵩山野行Tests */,
				94D9EE151C76EA0E00BC6A36 /* Products */,
				9899FCD4FB64EDF8593B0A78 /* Pods */,
				3E4FDA1A2ED246C8F270611C /* Frameworks */,
			);
			sourceTree = "<group>";
		};
		94D9EE151C76EA0E00BC6A36 /* Products */ = {
			isa = PBXGroup;
			children = (
				94D9EE141C76EA0E00BC6A36 /* 嵩山野行.app */,
				94D9EE2D1C76EA0E00BC6A36 /* 嵩山野行Tests.xctest */,
			);
			name = Products;
			sourceTree = "<group>";
		};
		94D9EE161C76EA0E00BC6A36 /* 嵩山野行 */ = {
			isa = PBXGroup;
			children = (
				0AED18191CE47CD50080C3EB /* chat */,
				94945EF11C777BB700FD5CE7 /* Tools */,
				94945EDD1C77740700FD5CE7 /* Libs */,
				94D9EE541C76F32A00BC6A36 /* Other */,
				94D9EE441C76EEDE00BC6A36 /* Share */,
				94D9EE431C76EE6700BC6A36 /* Map */,
				94D9EE421C76EE4B00BC6A36 /* Discover */,
				94D9EE411C76EE2D00BC6A36 /* Profile */,
				94D9EE401C76EDAA00BC6A36 /* Home */,
				94D9EE3F1C76ECFD00BC6A36 /* Main */,
				94D9EE171C76EA0E00BC6A36 /* Supporting Files */,
			);
			path = "嵩山野行";
			sourceTree = "<group>";
		};
		94D9EE171C76EA0E00BC6A36 /* Supporting Files */ = {
			isa = PBXGroup;
			children = (
				94D9EE181C76EA0E00BC6A36 /* main.m */,
			);
			name = "Supporting Files";
			sourceTree = "<group>";
		};
		94D9EE301C76EA0E00BC6A36 /* 嵩山野行Tests */ = {
			isa = PBXGroup;
			children = (
				94D9EE311C76EA0E00BC6A36 /* ____Tests.m */,
				94D9EE331C76EA0E00BC6A36 /* Info.plist */,
			);
			path = "嵩山野行Tests";
			sourceTree = "<group>";
		};
		94D9EE3F1C76ECFD00BC6A36 /* Main */ = {
			isa = PBXGroup;
			children = (
				94D9EE3C1C76ECF600BC6A36 /* JJTabbarController.h */,
				94D9EE3D1C76ECF600BC6A36 /* JJTabbarController.m */,
				94D9EE451C76EF3F00BC6A36 /* JJNavigationController.h */,
				94D9EE461C76EF3F00BC6A36 /* JJNavigationController.m */,
			);
			name = Main;
			sourceTree = "<group>";
		};
		94D9EE401C76EDAA00BC6A36 /* Home */ = {
			isa = PBXGroup;
			children = (
				94D9EE5A1C76F75400BC6A36 /* View */,
				94D9EE591C76F74200BC6A36 /* Model */,
				94D9EE581C76F72C00BC6A36 /* Controller */,
			);
			name = Home;
			sourceTree = "<group>";
		};
		94D9EE411C76EE2D00BC6A36 /* Profile */ = {
			isa = PBXGroup;
			children = (
				9486E5991C78292000F22B91 /* Controller */,
			);
			name = Profile;
			sourceTree = "<group>";
		};
		94D9EE421C76EE4B00BC6A36 /* Discover */ = {
			isa = PBXGroup;
			children = (
				94D9EE4E1C76F22E00BC6A36 /* JJDiscoverViewController.h */,
				94D9EE4F1C76F22E00BC6A36 /* JJDiscoverViewController.m */,
			);
			name = Discover;
			sourceTree = "<group>";
		};
		94D9EE431C76EE6700BC6A36 /* Map */ = {
			isa = PBXGroup;
			children = (
				94D9EE551C76F4C700BC6A36 /* JJMapViewController.h */,
				94D9EE561C76F4C700BC6A36 /* JJMapViewController.m */,
			);
			name = Map;
			sourceTree = "<group>";
		};
		94D9EE441C76EEDE00BC6A36 /* Share */ = {
			isa = PBXGroup;
			children = (
				94D9EE691C7719BC00BC6A36 /* JJPlusViewController.h */,
				94D9EE6A1C7719BC00BC6A36 /* JJPlusViewController.m */,
			);
			name = Share;
			sourceTree = "<group>";
		};
		94D9EE541C76F32A00BC6A36 /* Other */ = {
			isa = PBXGroup;
			children = (
				94D9EE1A1C76EA0E00BC6A36 /* AppDelegate.h */,
				94D9EE1B1C76EA0E00BC6A36 /* AppDelegate.m */,
				94D9EE201C76EA0E00BC6A36 /* Main.storyboard */,
				94D9EE231C76EA0E00BC6A36 /* Assets.xcassets */,
				94D9EE251C76EA0E00BC6A36 /* LaunchScreen.storyboard */,
				94D9EE281C76EA0E00BC6A36 /* Info.plist */,
			);
			name = Other;
			sourceTree = "<group>";
		};
		94D9EE581C76F72C00BC6A36 /* Controller */ = {
			isa = PBXGroup;
			children = (
				94D9EE481C76EFA800BC6A36 /* JJHomeViewController.h */,
				94D9EE491C76EFA800BC6A36 /* JJHomeViewController.m */,
			);
			name = Controller;
			sourceTree = "<group>";
		};
		94D9EE591C76F74200BC6A36 /* Model */ = {
			isa = PBXGroup;
			children = (
				94D9EE601C770F3500BC6A36 /* JJStatus.h */,
				94D9EE611C770F3500BC6A36 /* JJStatus.m */,
			);
			name = Model;
			sourceTree = "<group>";
		};
		94D9EE5A1C76F75400BC6A36 /* View */ = {
			isa = PBXGroup;
			children = (
				94D9EE661C77158A00BC6A36 /* JJTabBarButton.h */,
				94D9EE671C77158A00BC6A36 /* JJTabBarButton.m */,
				94D9EE631C77156D00BC6A36 /* JJTabBar.h */,
				94D9EE641C77156D00BC6A36 /* JJTabBar.m */,
				94D9EE5B1C7706A200BC6A36 /* JJstatusCell.h */,
				94D9EE5C1C7706A200BC6A36 /* JJstatusCell.m */,
				94D9EE5D1C7706A200BC6A36 /* JJstatusCell.xib */,
			);
			name = View;
			sourceTree = "<group>";
		};
		9899FCD4FB64EDF8593B0A78 /* Pods */ = {
			isa = PBXGroup;
			children = (
				73C67999F67CA71FA4898159 /* Pods.debug.xcconfig */,
				5C22D2EAE6F8833F44348621 /* Pods.release.xcconfig */,
			);
			name = Pods;
			sourceTree = "<group>";
		};
/* End PBXGroup section */

/* Begin PBXNativeTarget section */
		94D9EE131C76EA0E00BC6A36 /* 嵩山野行 */ = {
			isa = PBXNativeTarget;
			buildConfigurationList = 94D9EE361C76EA0E00BC6A36 /* Build configuration list for PBXNativeTarget "嵩山野行" */;
			buildPhases = (
				CAA46F9EBCBF54BC17F1002C /* Check Pods Manifest.lock */,
				94D9EE101C76EA0E00BC6A36 /* Sources */,
				94D9EE111C76EA0E00BC6A36 /* Frameworks */,
				94D9EE121C76EA0E00BC6A36 /* Resources */,
				4645F342A153BACEC614836A /* Embed Pods Frameworks */,
				DBEEB259D8780D1E318635F2 /* Copy Pods Resources */,
			);
			buildRules = (
			);
			dependencies = (
			);
			name = "嵩山野行";
			productName = "嵩山野行";
			productReference = 94D9EE141C76EA0E00BC6A36 /* 嵩山野行.app */;
			productType = "com.apple.product-type.application";
		};
		94D9EE2C1C76EA0E00BC6A36 /* 嵩山野行Tests */ = {
			isa = PBXNativeTarget;
			buildConfigurationList = 94D9EE391C76EA0E00BC6A36 /* Build configuration list for PBXNativeTarget "嵩山野行Tests" */;
			buildPhases = (
				94D9EE291C76EA0E00BC6A36 /* Sources */,
				94D9EE2A1C76EA0E00BC6A36 /* Frameworks */,
				94D9EE2B1C76EA0E00BC6A36 /* Resources */,
			);
			buildRules = (
			);
			dependencies = (
				94D9EE2F1C76EA0E00BC6A36 /* PBXTargetDependency */,
			);
			name = "嵩山野行Tests";
			productName = "嵩山野行Tests";
			productReference = 94D9EE2D1C76EA0E00BC6A36 /* 嵩山野行Tests.xctest */;
			productType = "com.apple.product-type.bundle.unit-test";
		};
/* End PBXNativeTarget section */

/* Begin PBXProject section */
		94D9EE0C1C76EA0E00BC6A36 /* Project object */ = {
			isa = PBXProject;
			attributes = {
				LastUpgradeCheck = 0720;
				ORGANIZATIONNAME = TianJJ;
				TargetAttributes = {
					94D9EE131C76EA0E00BC6A36 = {
						CreatedOnToolsVersion = 7.2;
						DevelopmentTeam = L2BHCA2RCG;
						SystemCapabilities = {
							com.apple.BackgroundModes = {
								enabled = 1;
							};
						};
					};
					94D9EE2C1C76EA0E00BC6A36 = {
						CreatedOnToolsVersion = 7.2;
						DevelopmentTeam = FE4S7YV6PP;
						TestTargetID = 94D9EE131C76EA0E00BC6A36;
					};
				};
			};
			buildConfigurationList = 94D9EE0F1C76EA0E00BC6A36 /* Build configuration list for PBXProject "嵩山野行" */;
			compatibilityVersion = "Xcode 3.2";
			developmentRegion = English;
			hasScannedForEncodings = 0;
			knownRegions = (
				en,
				Base,
			);
			mainGroup = 94D9EE0B1C76EA0E00BC6A36;
			productRefGroup = 94D9EE151C76EA0E00BC6A36 /* Products */;
			projectDirPath = "";
			projectRoot = "";
			targets = (
				94D9EE131C76EA0E00BC6A36 /* 嵩山野行 */,
				94D9EE2C1C76EA0E00BC6A36 /* 嵩山野行Tests */,
			);
		};
/* End PBXProject section */

/* Begin PBXResourcesBuildPhase section */
		94D9EE121C76EA0E00BC6A36 /* Resources */ = {
			isa = PBXResourcesBuildPhase;
			buildActionMask = 2147483647;
			files = (
				94D9EE271C76EA0E00BC6A36 /* LaunchScreen.storyboard in Resources */,
				94D9EE5F1C7706A200BC6A36 /* JJstatusCell.xib in Resources */,
				94D9EE241C76EA0E00BC6A36 /* Assets.xcassets in Resources */,
				94D9EE221C76EA0E00BC6A36 /* Main.storyboard in Resources */,
			);
			runOnlyForDeploymentPostprocessing = 0;
		};
		94D9EE2B1C76EA0E00BC6A36 /* Resources */ = {
			isa = PBXResourcesBuildPhase;
			buildActionMask = 2147483647;
			files = (
			);
			runOnlyForDeploymentPostprocessing = 0;
		};
/* End PBXResourcesBuildPhase section */

/* Begin PBXShellScriptBuildPhase section */
		4645F342A153BACEC614836A /* Embed Pods Frameworks */ = {
			isa = PBXShellScriptBuildPhase;
			buildActionMask = 2147483647;
			files = (
			);
			inputPaths = (
			);
			name = "Embed Pods Frameworks";
			outputPaths = (
			);
			runOnlyForDeploymentPostprocessing = 0;
			shellPath = /bin/sh;
			shellScript = "\"${SRCROOT}/Pods/Target Support Files/Pods/Pods-frameworks.sh\"\n";
			showEnvVarsInLog = 0;
		};
		CAA46F9EBCBF54BC17F1002C /* Check Pods Manifest.lock */ = {
			isa = PBXShellScriptBuildPhase;
			buildActionMask = 2147483647;
			files = (
			);
			inputPaths = (
			);
			name = "Check Pods Manifest.lock";
			outputPaths = (
			);
			runOnlyForDeploymentPostprocessing = 0;
			shellPath = /bin/sh;
			shellScript = "diff \"${PODS_ROOT}/../Podfile.lock\" \"${PODS_ROOT}/Manifest.lock\" > /dev/null\nif [[ $? != 0 ]] ; then\n    cat << EOM\nerror: The sandbox is not in sync with the Podfile.lock. Run 'pod install' or update your CocoaPods installation.\nEOM\n    exit 1\nfi\n";
			showEnvVarsInLog = 0;
		};
		DBEEB259D8780D1E318635F2 /* Copy Pods Resources */ = {
			isa = PBXShellScriptBuildPhase;
			buildActionMask = 2147483647;
			files = (
			);
			inputPaths = (
			);
			name = "Copy Pods Resources";
			outputPaths = (
			);
			runOnlyForDeploymentPostprocessing = 0;
			shellPath = /bin/sh;
			shellScript = "\"${SRCROOT}/Pods/Target Support Files/Pods/Pods-resources.sh\"\n";
			showEnvVarsInLog = 0;
		};
/* End PBXShellScriptBuildPhase section */

/* Begin PBXSourcesBuildPhase section */
		94D9EE101C76EA0E00BC6A36 /* Sources */ = {
			isa = PBXSourcesBuildPhase;
			buildActionMask = 2147483647;
			files = (
				0AED181C1CE47D380080C3EB /* JJConversationController.m in Sources */,
				94D9EE1C1C76EA0E00BC6A36 /* AppDelegate.m in Sources */,
				94D9EE571C76F4C700BC6A36 /* JJMapViewController.m in Sources */,
				94D9EE4A1C76EFA800BC6A36 /* JJHomeViewController.m in Sources */,
				94945EEA1C77740700FD5CE7 /* FMDatabase.m in Sources */,
				94D9EE651C77156D00BC6A36 /* JJTabBar.m in Sources */,
				94D9EE621C770F3500BC6A36 /* JJStatus.m in Sources */,
				94945EF41C777BEF00FD5CE7 /* JJDataBase.m in Sources */,
				94945EEE1C77740700FD5CE7 /* FMResultSet.m in Sources */,
				94D9EE6B1C7719BC00BC6A36 /* JJPlusViewController.m in Sources */,
				94D9EE191C76EA0E00BC6A36 /* main.m in Sources */,
				94D9EE3E1C76ECF600BC6A36 /* JJTabbarController.m in Sources */,
				94D9EE501C76F22E00BC6A36 /* JJDiscoverViewController.m in Sources */,
				94D9EE5E1C7706A200BC6A36 /* JJstatusCell.m in Sources */,
				94D9EE4D1C76F21700BC6A36 /* JJProfileViewController.m in Sources */,
				94D9EE471C76EF3F00BC6A36 /* JJNavigationController.m in Sources */,
				94945EEC1C77740700FD5CE7 /* FMDatabasePool.m in Sources */,
				94945EED1C77740700FD5CE7 /* FMDatabaseQueue.m in Sources */,
				9486E59C1C78294800F22B91 /* JJSettingViewController.m in Sources */,
				94D9EE681C77158A00BC6A36 /* JJTabBarButton.m in Sources */,
				94945EEB1C77740700FD5CE7 /* FMDatabaseAdditions.m in Sources */,
			);
			runOnlyForDeploymentPostprocessing = 0;
		};
		94D9EE291C76EA0E00BC6A36 /* Sources */ = {
			isa = PBXSourcesBuildPhase;
			buildActionMask = 2147483647;
			files = (
				94D9EE321C76EA0E00BC6A36 /* ____Tests.m in Sources */,
			);
			runOnlyForDeploymentPostprocessing = 0;
		};
/* End PBXSourcesBuildPhase section */

/* Begin PBXTargetDependency section */
		94D9EE2F1C76EA0E00BC6A36 /* PBXTargetDependency */ = {
			isa = PBXTargetDependency;
			target = 94D9EE131C76EA0E00BC6A36 /* 嵩山野行 */;
			targetProxy = 94D9EE2E1C76EA0E00BC6A36 /* PBXContainerItemProxy */;
		};
/* End PBXTargetDependency section */

/* Begin PBXVariantGroup section */
		94D9EE201C76EA0E00BC6A36 /* Main.storyboard */ = {
			isa = PBXVariantGroup;
			children = (
				94D9EE211C76EA0E00BC6A36 /* Base */,
			);
			name = Main.storyboard;
			sourceTree = "<group>";
		};
		94D9EE251C76EA0E00BC6A36 /* LaunchScreen.storyboard */ = {
			isa = PBXVariantGroup;
			children = (
				94D9EE261C76EA0E00BC6A36 /* Base */,
			);
			name = LaunchScreen.storyboard;
			sourceTree = "<group>";
		};
/* End PBXVariantGroup section */

/* Begin XCBuildConfiguration section */
		94D9EE341C76EA0E00BC6A36 /* Debug */ = {
			isa = XCBuildConfiguration;
			buildSettings = {
				ALWAYS_SEARCH_USER_PATHS = NO;
				CLANG_CXX_LANGUAGE_STANDARD = "gnu++0x";
				CLANG_CXX_LIBRARY = "libc++";
				CLANG_ENABLE_MODULES = YES;
				CLANG_ENABLE_OBJC_ARC = YES;
				CLANG_WARN_BOOL_CONVERSION = YES;
				CLANG_WARN_CONSTANT_CONVERSION = YES;
				CLANG_WARN_DIRECT_OBJC_ISA_USAGE = YES_ERROR;
				CLANG_WARN_EMPTY_BODY = YES;
				CLANG_WARN_ENUM_CONVERSION = YES;
				CLANG_WARN_INT_CONVERSION = YES;
				CLANG_WARN_OBJC_ROOT_CLASS = YES_ERROR;
				CLANG_WARN_UNREACHABLE_CODE = YES;
				CLANG_WARN__DUPLICATE_METHOD_MATCH = YES;
				"CODE_SIGN_IDENTITY[sdk=iphoneos*]" = "iPhone Developer";
				COPY_PHASE_STRIP = NO;
				DEBUG_INFORMATION_FORMAT = dwarf;
				ENABLE_STRICT_OBJC_MSGSEND = YES;
				ENABLE_TESTABILITY = YES;
				GCC_C_LANGUAGE_STANDARD = gnu99;
				GCC_DYNAMIC_NO_PIC = NO;
				GCC_NO_COMMON_BLOCKS = YES;
				GCC_OPTIMIZATION_LEVEL = 0;
				GCC_PREPROCESSOR_DEFINITIONS = (
					"DEBUG=1",
					"$(inherited)",
				);
				GCC_WARN_64_TO_32_BIT_CONVERSION = YES;
				GCC_WARN_ABOUT_RETURN_TYPE = YES_ERROR;
				GCC_WARN_UNDECLARED_SELECTOR = YES;
				GCC_WARN_UNINITIALIZED_AUTOS = YES_AGGRESSIVE;
				GCC_WARN_UNUSED_FUNCTION = YES;
				GCC_WARN_UNUSED_VARIABLE = YES;
				IPHONEOS_DEPLOYMENT_TARGET = 9.2;
				MTL_ENABLE_DEBUG_INFO = YES;
				ONLY_ACTIVE_ARCH = YES;
				SDKROOT = iphoneos;
				TARGETED_DEVICE_FAMILY = "1,2";
			};
			name = Debug;
		};
		94D9EE351C76EA0E00BC6A36 /* Release */ = {
			isa = XCBuildConfiguration;
			buildSettings = {
				ALWAYS_SEARCH_USER_PATHS = NO;
				CLANG_CXX_LANGUAGE_STANDARD = "gnu++0x";
				CLANG_CXX_LIBRARY = "libc++";
				CLANG_ENABLE_MODULES = YES;
				CLANG_ENABLE_OBJC_ARC = YES;
				CLANG_WARN_BOOL_CONVERSION = YES;
				CLANG_WARN_CONSTANT_CONVERSION = YES;
				CLANG_WARN_DIRECT_OBJC_ISA_USAGE = YES_ERROR;
				CLANG_WARN_EMPTY_BODY = YES;
				CLANG_WARN_ENUM_CONVERSION = YES;
				CLANG_WARN_INT_CONVERSION = YES;
				CLANG_WARN_OBJC_ROOT_CLASS = YES_ERROR;
				CLANG_WARN_UNREACHABLE_CODE = YES;
				CLANG_WARN__DUPLICATE_METHOD_MATCH = YES;
				"CODE_SIGN_IDENTITY[sdk=iphoneos*]" = "iPhone Developer";
				COPY_PHASE_STRIP = NO;
				DEBUG_INFORMATION_FORMAT = "dwarf-with-dsym";
				ENABLE_NS_ASSERTIONS = NO;
				ENABLE_STRICT_OBJC_MSGSEND = YES;
				GCC_C_LANGUAGE_STANDARD = gnu99;
				GCC_NO_COMMON_BLOCKS = YES;
				GCC_WARN_64_TO_32_BIT_CONVERSION = YES;
				GCC_WARN_ABOUT_RETURN_TYPE = YES_ERROR;
				GCC_WARN_UNDECLARED_SELECTOR = YES;
				GCC_WARN_UNINITIALIZED_AUTOS = YES_AGGRESSIVE;
				GCC_WARN_UNUSED_FUNCTION = YES;
				GCC_WARN_UNUSED_VARIABLE = YES;
				IPHONEOS_DEPLOYMENT_TARGET = 9.2;
				MTL_ENABLE_DEBUG_INFO = NO;
				SDKROOT = iphoneos;
				TARGETED_DEVICE_FAMILY = "1,2";
				VALIDATE_PRODUCT = YES;
			};
			name = Release;
		};
		94D9EE371C76EA0E00BC6A36 /* Debug */ = {
			isa = XCBuildConfiguration;
			baseConfigurationReference = 73C67999F67CA71FA4898159 /* Pods.debug.xcconfig */;
			buildSettings = {
				ASSETCATALOG_COMPILER_APPICON_NAME = AppIcon;
				CODE_SIGN_IDENTITY = "iPhone Developer";
				"CODE_SIGN_IDENTITY[sdk=iphoneos*]" = "iPhone Developer";
				INFOPLIST_FILE = "嵩山野行/Info.plist";
				LD_RUNPATH_SEARCH_PATHS = "$(inherited) @executable_path/Frameworks";
				PRODUCT_BUNDLE_IDENTIFIER = "com.tiangames.----";
				PRODUCT_NAME = "$(TARGET_NAME)";
				PROVISIONING_PROFILE = "";
			};
			name = Debug;
		};
		94D9EE381C76EA0E00BC6A36 /* Release */ = {
			isa = XCBuildConfiguration;
			baseConfigurationReference = 5C22D2EAE6F8833F44348621 /* Pods.release.xcconfig */;
			buildSettings = {
				ASSETCATALOG_COMPILER_APPICON_NAME = AppIcon;
				CODE_SIGN_IDENTITY = "iPhone Developer";
				"CODE_SIGN_IDENTITY[sdk=iphoneos*]" = "iPhone Developer";
				INFOPLIST_FILE = "嵩山野行/Info.plist";
				LD_RUNPATH_SEARCH_PATHS = "$(inherited) @executable_path/Frameworks";
				PRODUCT_BUNDLE_IDENTIFIER = "com.tiangames.----";
				PRODUCT_NAME = "$(TARGET_NAME)";
				PROVISIONING_PROFILE = "";
			};
			name = Release;
		};
		94D9EE3A1C76EA0E00BC6A36 /* Debug */ = {
			isa = XCBuildConfiguration;
			buildSettings = {
				BUNDLE_LOADER = "$(TEST_HOST)";
				INFOPLIST_FILE = "嵩山野行Tests/Info.plist";
				LD_RUNPATH_SEARCH_PATHS = "$(inherited) @executable_path/Frameworks @loader_path/Frameworks";
				PRODUCT_BUNDLE_IDENTIFIER = "com.tiangames.----Tests";
				PRODUCT_NAME = "$(TARGET_NAME)";
				TEST_HOST = "$(BUILT_PRODUCTS_DIR)/嵩山野行.app/嵩山野行";
			};
			name = Debug;
		};
		94D9EE3B1C76EA0E00BC6A36 /* Release */ = {
			isa = XCBuildConfiguration;
			buildSettings = {
				BUNDLE_LOADER = "$(TEST_HOST)";
				INFOPLIST_FILE = "嵩山野行Tests/Info.plist";
				LD_RUNPATH_SEARCH_PATHS = "$(inherited) @executable_path/Frameworks @loader_path/Frameworks";
				PRODUCT_BUNDLE_IDENTIFIER = "com.tiangames.----Tests";
				PRODUCT_NAME = "$(TARGET_NAME)";
				TEST_HOST = "$(BUILT_PRODUCTS_DIR)/嵩山野行.app/嵩山野行";
			};
			name = Release;
		};
/* End XCBuildConfiguration section */

/* Begin XCConfigurationList section */
		94D9EE0F1C76EA0E00BC6A36 /* Build configuration list for PBXProject "嵩山野行" */ = {
			isa = XCConfigurationList;
			buildConfigurations = (
				94D9EE341C76EA0E00BC6A36 /* Debug */,
				94D9EE351C76EA0E00BC6A36 /* Release */,
			);
			defaultConfigurationIsVisible = 0;
			defaultConfigurationName = Release;
		};
		94D9EE361C76EA0E00BC6A36 /* Build configuration list for PBXNativeTarget "嵩山野行" */ = {
			isa = XCConfigurationList;
			buildConfigurations = (
				94D9EE371C76EA0E00BC6A36 /* Debug */,
				94D9EE381C76EA0E00BC6A36 /* Release */,
			);
			defaultConfigurationIsVisible = 0;
			defaultConfigurationName = Release;
		};
		94D9EE391C76EA0E00BC6A36 /* Build configuration list for PBXNativeTarget "嵩山野行Tests" */ = {
			isa = XCConfigurationList;
			buildConfigurations = (
				94D9EE3A1C76EA0E00BC6A36 /* Debug */,
				94D9EE3B1C76EA0E00BC6A36 /* Release */,
			);
			defaultConfigurationIsVisible = 0;
			defaultConfigurationName = Release;
		};
/* End XCConfigurationList section */
	};
	rootObject = 94D9EE0C1C76EA0E00BC6A36 /* Project object */;
}
