// !$*UTF8*$!
{
	archiveVersion = 1;
	classes = {
	};
	objectVersion = 46;
	objects = {

/* Begin PBXBuildFile section */
		3FD3C1E7288164DC48AC573C /* libPods.a in Frameworks */ = {isa = PBXBuildFile; fileRef = 0809699768DCBB14E0E5059D /* libPods.a */; };
		942C6E2D1C774D8D00D43313 /* MapKit.framework in Frameworks */ = {isa = PBXBuildFile; fileRef = 942C6E2C1C774D8D00D43313 /* MapKit.framework */; };
		94945EEA1C77740700FD5CE7 /* FMDatabase.m in Sources */ = {isa = PBXBuildFile; fileRef = 94945EE01C77740700FD5CE7 /* FMDatabase.m */; };
		94945EEB1C77740700FD5CE7 /* FMDatabaseAdditions.m in Sources */ = {isa = PBXBuildFile; fileRef = 94945EE21C77740700FD5CE7 /* FMDatabaseAdditions.m */; };
		94945EEC1C77740700FD5CE7 /* FMDatabasePool.m in Sources */ = {isa = PBXBuildFile; fileRef = 94945EE41C77740700FD5CE7 /* FMDatabasePool.m */; };
		94945EED1C77740700FD5CE7 /* FMDatabaseQueue.m in Sources */ = {isa = PBXBuildFile; fileRef = 94945EE61C77740700FD5CE7 /* FMDatabaseQueue.m */; };
		94945EEE1C77740700FD5CE7 /* FMResultSet.m in Sources */ = {isa = PBXBuildFile; fileRef = 94945EE91C77740700FD5CE7 /* FMResultSet.m */; };
		94945EF01C7778D200FD5CE7 /* libsqlite3.dylib in Frameworks */ = {isa = PBXBuildFile; fileRef = 94945EEF1C7778D100FD5CE7 /* libsqlite3.dylib */; };
		94D9EE191C76EA0E00BC6A36 /* main.m in Sources */ = {isa = PBXBuildFile; fileRef = 94D9EE181C76EA0E00BC6A36 /* main.m */; };
		94D9EE1C1C76EA0E00BC6A36 /* AppDelegate.m in Sources */ = {isa = PBXBuildFile; fileRef = 94D9EE1B1C76EA0E00BC6A36 /* AppDelegate.m */; };
		94D9EE221C76EA0E00BC6A36 /* Main.storyboard in Resources */ = {isa = PBXBuildFile; fileRef = 94D9EE201C76EA0E00BC6A36 /* Main.storyboard */; };
		94D9EE271C76EA0E00BC6A36 /* LaunchScreen.storyboard in Resources */ = {isa = PBXBuildFile; fileRef = 94D9EE251C76EA0E00BC6A36 /* LaunchScreen.storyboard */; };
		94D9EE321C76EA0E00BC6A36 /* ____Tests.m in Sources */ = {isa = PBXBuildFile; fileRef = 94D9EE311C76EA0E00BC6A36 /* ____Tests.m */; };
		94F0AFFE1CE4D1C2007D870F /* JJConversationController.m in Sources */ = {isa = PBXBuildFile; fileRef = 94F0AFCE1CE4D1C2007D870F /* JJConversationController.m */; };
		94F0AFFF1CE4D1C2007D870F /* JJDiscoverViewController.m in Sources */ = {isa = PBXBuildFile; fileRef = 94F0AFD41CE4D1C2007D870F /* JJDiscoverViewController.m */; };
		94F0B0001CE4D1C2007D870F /* JJHomeViewController.m in Sources */ = {isa = PBXBuildFile; fileRef = 94F0AFDA1CE4D1C2007D870F /* JJHomeViewController.m */; };
		94F0B0011CE4D1C2007D870F /* JJStatus.m in Sources */ = {isa = PBXBuildFile; fileRef = 94F0AFDD1CE4D1C2007D870F /* JJStatus.m */; };
		94F0B0021CE4D1C2007D870F /* JJstatusCell.m in Sources */ = {isa = PBXBuildFile; fileRef = 94F0AFE01CE4D1C2007D870F /* JJstatusCell.m */; };
		94F0B0031CE4D1C2007D870F /* JJstatusCell.xib in Resources */ = {isa = PBXBuildFile; fileRef = 94F0AFE11CE4D1C2007D870F /* JJstatusCell.xib */; };
		94F0B0041CE4D1C2007D870F /* JJNavigationController.m in Sources */ = {isa = PBXBuildFile; fileRef = 94F0AFE51CE4D1C2007D870F /* JJNavigationController.m */; };
		94F0B0051CE4D1C2007D870F /* JJTabbarController.m in Sources */ = {isa = PBXBuildFile; fileRef = 94F0AFE71CE4D1C2007D870F /* JJTabbarController.m */; };
		94F0B0061CE4D1C2007D870F /* JJTabBar.m in Sources */ = {isa = PBXBuildFile; fileRef = 94F0AFEA1CE4D1C2007D870F /* JJTabBar.m */; };
		94F0B0071CE4D1C2007D870F /* JJTabBarButton.m in Sources */ = {isa = PBXBuildFile; fileRef = 94F0AFEC1CE4D1C2007D870F /* JJTabBarButton.m */; };
		94F0B0081CE4D1C2007D870F /* JJMapViewController.m in Sources */ = {isa = PBXBuildFile; fileRef = 94F0AFF01CE4D1C2007D870F /* JJMapViewController.m */; };
		94F0B0091CE4D1C2007D870F /* JJPlusViewController.m in Sources */ = {isa = PBXBuildFile; fileRef = 94F0AFF41CE4D1C2007D870F /* JJPlusViewController.m */; };
		94F0B00A1CE4D1C2007D870F /* JJProfileViewController.m in Sources */ = {isa = PBXBuildFile; fileRef = 94F0AFF81CE4D1C2007D870F /* JJProfileViewController.m */; };
		94F0B00B1CE4D1C2007D870F /* JJSettingViewController.m in Sources */ = {isa = PBXBuildFile; fileRef = 94F0AFFA1CE4D1C2007D870F /* JJSettingViewController.m */; };
		94F0B00C1CE4D1C2007D870F /* JJDataBase.m in Sources */ = {isa = PBXBuildFile; fileRef = 94F0AFFD1CE4D1C2007D870F /* JJDataBase.m */; };
		94F0B00F1CE4D25D007D870F /* Assets.xcassets in Resources */ = {isa = PBXBuildFile; fileRef = 94F0B00E1CE4D25D007D870F /* Assets.xcassets */; };
/* End PBXBuildFile section */

/* Begin PBXContainerItemProxy section */
		94D9EE2E1C76EA0E00BC6A36 /* PBXContainerItemProxy */ = {
			isa = PBXContainerItemProxy;
			containerPortal = 94D9EE0C1C76EA0E00BC6A36 /* Project object */;
			proxyType = 1;
			remoteGlobalIDString = 94D9EE131C76EA0E00BC6A36;
			remoteInfo = "嵩山野行";
		};
/* End PBXContainerItemProxy section */

/* Begin PBXFileReference section */
		0809699768DCBB14E0E5059D /* libPods.a */ = {isa = PBXFileReference; explicitFileType = archive.ar; includeInIndex = 0; path = libPods.a; sourceTree = BUILT_PRODUCTS_DIR; };
		5C22D2EAE6F8833F44348621 /* Pods.release.xcconfig */ = {isa = PBXFileReference; includeInIndex = 1; lastKnownFileType = text.xcconfig; name = Pods.release.xcconfig; path = "Pods/Target Support Files/Pods/Pods.release.xcconfig"; sourceTree = "<group>"; };
		73C67999F67CA71FA4898159 /* Pods.debug.xcconfig */ = {isa = PBXFileReference; includeInIndex = 1; lastKnownFileType = text.xcconfig; name = Pods.debug.xcconfig; path = "Pods/Target Support Files/Pods/Pods.debug.xcconfig"; sourceTree = "<group>"; };
		942C6E2C1C774D8D00D43313 /* MapKit.framework */ = {isa = PBXFileReference; lastKnownFileType = wrapper.framework; name = MapKit.framework; path = System/Library/Frameworks/MapKit.framework; sourceTree = SDKROOT; };
		94945EDF1C77740700FD5CE7 /* FMDatabase.h */ = {isa = PBXFileReference; fileEncoding = 4; lastKnownFileType = sourcecode.c.h; path = FMDatabase.h; sourceTree = "<group>"; };
		94945EE01C77740700FD5CE7 /* FMDatabase.m */ = {isa = PBXFileReference; fileEncoding = 4; lastKnownFileType = sourcecode.c.objc; path = FMDatabase.m; sourceTree = "<group>"; };
		94945EE11C77740700FD5CE7 /* FMDatabaseAdditions.h */ = {isa = PBXFileReference; fileEncoding = 4; lastKnownFileType = sourcecode.c.h; path = FMDatabaseAdditions.h; sourceTree = "<group>"; };
		94945EE21C77740700FD5CE7 /* FMDatabaseAdditions.m */ = {isa = PBXFileReference; fileEncoding = 4; lastKnownFileType = sourcecode.c.objc; path = FMDatabaseAdditions.m; sourceTree = "<group>"; };
		94945EE31C77740700FD5CE7 /* FMDatabasePool.h */ = {isa = PBXFileReference; fileEncoding = 4; lastKnownFileType = sourcecode.c.h; path = FMDatabasePool.h; sourceTree = "<group>"; };
		94945EE41C77740700FD5CE7 /* FMDatabasePool.m */ = {isa = PBXFileReference; fileEncoding = 4; lastKnownFileType = sourcecode.c.objc; path = FMDatabasePool.m; sourceTree = "<group>"; };
		94945EE51C77740700FD5CE7 /* FMDatabaseQueue.h */ = {isa = PBXFileReference; fileEncoding = 4; lastKnownFileType = sourcecode.c.h; path = FMDatabaseQueue.h; sourceTree = "<group>"; };
		94945EE61C77740700FD5CE7 /* FMDatabaseQueue.m */ = {isa = PBXFileReference; fileEncoding = 4; lastKnownFileType = sourcecode.c.objc; path = FMDatabaseQueue.m; sourceTree = "<group>"; };
		94945EE71C77740700FD5CE7 /* FMDB.h */ = {isa = PBXFileReference; fileEncoding = 4; lastKnownFileType = sourcecode.c.h; path = FMDB.h; sourceTree = "<group>"; };
		94945EE81C77740700FD5CE7 /* FMResultSet.h */ = {isa = PBXFileReference; fileEncoding = 4; lastKnownFileType = sourcecode.c.h; path = FMResultSet.h; sourceTree = "<group>"; };
		94945EE91C77740700FD5CE7 /* FMResultSet.m */ = {isa = PBXFileReference; fileEncoding = 4; lastKnownFileType = sourcecode.c.objc; path = FMResultSet.m; sourceTree = "<group>"; };
		94945EEF1C7778D100FD5CE7 /* libsqlite3.dylib */ = {isa = PBXFileReference; lastKnownFileType = "compiled.mach-o.dylib"; name = libsqlite3.dylib; path = ../../../../usr/lib/libsqlite3.dylib; sourceTree = "<group>"; };
		94D9EE141C76EA0E00BC6A36 /* 嵩山野行.app */ = {isa = PBXFileReference; explicitFileType = wrapper.application; includeInIndex = 0; path = "嵩山野行.app"; sourceTree = BUILT_PRODUCTS_DIR; };
		94D9EE181C76EA0E00BC6A36 /* main.m */ = {isa = PBXFileReference; lastKnownFileType = sourcecode.c.objc; path = main.m; sourceTree = "<group>"; };
		94D9EE1A1C76EA0E00BC6A36 /* AppDelegate.h */ = {isa = PBXFileReference; lastKnownFileType = sourcecode.c.h; path = AppDelegate.h; sourceTree = "<group>"; };
		94D9EE1B1C76EA0E00BC6A36 /* AppDelegate.m */ = {isa = PBXFileReference; lastKnownFileType = sourcecode.c.objc; path = AppDelegate.m; sourceTree = "<group>"; };
		94D9EE211C76EA0E00BC6A36 /* Base */ = {isa = PBXFileReference; lastKnownFileType = file.storyboard; name = Base; path = Base.lproj/Main.storyboard; sourceTree = "<group>"; };
		94D9EE261C76EA0E00BC6A36 /* Base */ = {isa = PBXFileReference; lastKnownFileType = file.storyboard; name = Base; path = Base.lproj/LaunchScreen.storyboard; sourceTree = "<group>"; };
		94D9EE281C76EA0E00BC6A36 /* Info.plist */ = {isa = PBXFileReference; lastKnownFileType = text.plist.xml; path = Info.plist; sourceTree = "<group>"; };
		94D9EE2D1C76EA0E00BC6A36 /* 嵩山野行Tests.xctest */ = {isa = PBXFileReference; explicitFileType = wrapper.cfbundle; includeInIndex = 0; path = "嵩山野行Tests.xctest"; sourceTree = BUILT_PRODUCTS_DIR; };
		94D9EE311C76EA0E00BC6A36 /* ____Tests.m */ = {isa = PBXFileReference; lastKnownFileType = sourcecode.c.objc; path = "____Tests.m"; sourceTree = "<group>"; };
		94D9EE331C76EA0E00BC6A36 /* Info.plist */ = {isa = PBXFileReference; lastKnownFileType = text.plist.xml; path = Info.plist; sourceTree = "<group>"; };
		94F0AFCD1CE4D1C2007D870F /* JJConversationController.h */ = {isa = PBXFileReference; fileEncoding = 4; lastKnownFileType = sourcecode.c.h; path = JJConversationController.h; sourceTree = "<group>"; };
		94F0AFCE1CE4D1C2007D870F /* JJConversationController.m */ = {isa = PBXFileReference; fileEncoding = 4; lastKnownFileType = sourcecode.c.objc; path = JJConversationController.m; sourceTree = "<group>"; };
		94F0AFD31CE4D1C2007D870F /* JJDiscoverViewController.h */ = {isa = PBXFileReference; fileEncoding = 4; lastKnownFileType = sourcecode.c.h; path = JJDiscoverViewController.h; sourceTree = "<group>"; };
		94F0AFD41CE4D1C2007D870F /* JJDiscoverViewController.m */ = {isa = PBXFileReference; fileEncoding = 4; lastKnownFileType = sourcecode.c.objc; path = JJDiscoverViewController.m; sourceTree = "<group>"; };
		94F0AFD91CE4D1C2007D870F /* JJHomeViewController.h */ = {isa = PBXFileReference; fileEncoding = 4; lastKnownFileType = sourcecode.c.h; path = JJHomeViewController.h; sourceTree = "<group>"; };
		94F0AFDA1CE4D1C2007D870F /* JJHomeViewController.m */ = {isa = PBXFileReference; fileEncoding = 4; lastKnownFileType = sourcecode.c.objc; path = JJHomeViewController.m; sourceTree = "<group>"; };
		94F0AFDC1CE4D1C2007D870F /* JJStatus.h */ = {isa = PBXFileReference; fileEncoding = 4; lastKnownFileType = sourcecode.c.h; path = JJStatus.h; sourceTree = "<group>"; };
		94F0AFDD1CE4D1C2007D870F /* JJStatus.m */ = {isa = PBXFileReference; fileEncoding = 4; lastKnownFileType = sourcecode.c.objc; path = JJStatus.m; sourceTree = "<group>"; };
		94F0AFDF1CE4D1C2007D870F /* JJstatusCell.h */ = {isa = PBXFileReference; fileEncoding = 4; lastKnownFileType = sourcecode.c.h; path = JJstatusCell.h; sourceTree = "<group>"; };
		94F0AFE01CE4D1C2007D870F /* JJstatusCell.m */ = {isa = PBXFileReference; fileEncoding = 4; lastKnownFileType = sourcecode.c.objc; path = JJstatusCell.m; sourceTree = "<group>"; };
		94F0AFE11CE4D1C2007D870F /* JJstatusCell.xib */ = {isa = PBXFileReference; fileEncoding = 4; lastKnownFileType = file.xib; path = JJstatusCell.xib; sourceTree = "<group>"; };
		94F0AFE41CE4D1C2007D870F /* JJNavigationController.h */ = {isa = PBXFileReference; fileEncoding = 4; lastKnownFileType = sourcecode.c.h; path = JJNavigationController.h; sourceTree = "<group>"; };
		94F0AFE51CE4D1C2007D870F /* JJNavigationController.m */ = {isa = PBXFileReference; fileEncoding = 4; lastKnownFileType = sourcecode.c.objc; path = JJNavigationController.m; sourceTree = "<group>"; };
		94F0AFE61CE4D1C2007D870F /* JJTabbarController.h */ = {isa = PBXFileReference; fileEncoding = 4; lastKnownFileType = sourcecode.c.h; path = JJTabbarController.h; sourceTree = "<group>"; };
		94F0AFE71CE4D1C2007D870F /* JJTabbarController.m */ = {isa = PBXFileReference; fileEncoding = 4; lastKnownFileType = sourcecode.c.objc; path = JJTabbarController.m; sourceTree = "<group>"; };
		94F0AFE91CE4D1C2007D870F /* JJTabBar.h */ = {isa = PBXFileReference; fileEncoding = 4; lastKnownFileType = sourcecode.c.h; path = JJTabBar.h; sourceTree = "<group>"; };
		94F0AFEA1CE4D1C2007D870F /* JJTabBar.m */ = {isa = PBXFileReference; fileEncoding = 4; lastKnownFileType = sourcecode.c.objc; path = JJTabBar.m; sourceTree = "<group>"; };
		94F0AFEB1CE4D1C2007D870F /* JJTabBarButton.h */ = {isa = PBXFileReference; fileEncoding = 4; lastKnownFileType = sourcecode.c.h; path = JJTabBarButton.h; sourceTree = "<group>"; };
		94F0AFEC1CE4D1C2007D870F /* JJTabBarButton.m */ = {isa = PBXFileReference; fileEncoding = 4; lastKnownFileType = sourcecode.c.objc; path = JJTabBarButton.m; sourceTree = "<group>"; };
		94F0AFEF1CE4D1C2007D870F /* JJMapViewController.h */ = {isa = PBXFileReference; fileEncoding = 4; lastKnownFileType = sourcecode.c.h; path = JJMapViewController.h; sourceTree = "<group>"; };
		94F0AFF01CE4D1C2007D870F /* JJMapViewController.m */ = {isa = PBXFileReference; fileEncoding = 4; lastKnownFileType = sourcecode.c.objc; path = JJMapViewController.m; sourceTree = "<group>"; };
		94F0AFF31CE4D1C2007D870F /* JJPlusViewController.h */ = {isa = PBXFileReference; fileEncoding = 4; lastKnownFileType = sourcecode.c.h; path = JJPlusViewController.h; sourceTree = "<group>"; };
		94F0AFF41CE4D1C2007D870F /* JJPlusViewController.m */ = {isa = PBXFileReference; fileEncoding = 4; lastKnownFileType = sourcecode.c.objc; path = JJPlusViewController.m; sourceTree = "<group>"; };
		94F0AFF71CE4D1C2007D870F /* JJProfileViewController.h */ = {isa = PBXFileReference; fileEncoding = 4; lastKnownFileType = sourcecode.c.h; path = JJProfileViewController.h; sourceTree = "<group>"; };
		94F0AFF81CE4D1C2007D870F /* JJProfileViewController.m */ = {isa = PBXFileReference; fileEncoding = 4; lastKnownFileType = sourcecode.c.objc; path = JJProfileViewController.m; sourceTree = "<group>"; };
		94F0AFF91CE4D1C2007D870F /* JJSettingViewController.h */ = {isa = PBXFileReference; fileEncoding = 4; lastKnownFileType = sourcecode.c.h; path = JJSettingViewController.h; sourceTree = "<group>"; };
		94F0AFFA1CE4D1C2007D870F /* JJSettingViewController.m */ = {isa = PBXFileReference; fileEncoding = 4; lastKnownFileType = sourcecode.c.objc; path = JJSettingViewController.m; sourceTree = "<group>"; };
		94F0AFFC1CE4D1C2007D870F /* JJDataBase.h */ = {isa = PBXFileReference; fileEncoding = 4; lastKnownFileType = sourcecode.c.h; path = JJDataBase.h; sourceTree = "<group>"; };
		94F0AFFD1CE4D1C2007D870F /* JJDataBase.m */ = {isa = PBXFileReference; fileEncoding = 4; lastKnownFileType = sourcecode.c.objc; path = JJDataBase.m; sourceTree = "<group>"; };
		94F0B00E1CE4D25D007D870F /* Assets.xcassets */ = {isa = PBXFileReference; lastKnownFileType = folder.assetcatalog; path = Assets.xcassets; sourceTree = "<group>"; };
/* End PBXFileReference section */

/* Begin PBXFrameworksBuildPhase section */
		94D9EE111C76EA0E00BC6A36 /* Frameworks */ = {
			isa = PBXFrameworksBuildPhase;
			buildActionMask = 2147483647;
			files = (
				94945EF01C7778D200FD5CE7 /* libsqlite3.dylib in Frameworks */,
				942C6E2D1C774D8D00D43313 /* MapKit.framework in Frameworks */,
				3FD3C1E7288164DC48AC573C /* libPods.a in Frameworks */,
			);
			runOnlyForDeploymentPostprocessing = 0;
		};
		94D9EE2A1C76EA0E00BC6A36 /* Frameworks */ = {
			isa = PBXFrameworksBuildPhase;
			buildActionMask = 2147483647;
			files = (
			);
			runOnlyForDeploymentPostprocessing = 0;
		};
/* End PBXFrameworksBuildPhase section */

/* Begin PBXGroup section */
		3E4FDA1A2ED246C8F270611C /* Frameworks */ = {
			isa = PBXGroup;
			children = (
				0809699768DCBB14E0E5059D /* libPods.a */,
			);
			name = Frameworks;
			sourceTree = "<group>";
		};
		94945EDD1C77740700FD5CE7 /* Libs */ = {
			isa = PBXGroup;
			children = (
				94945EDE1C77740700FD5CE7 /* fmdb */,
			);
			path = Libs;
			sourceTree = "<group>";
		};
		94945EDE1C77740700FD5CE7 /* fmdb */ = {
			isa = PBXGroup;
			children = (
				94945EDF1C77740700FD5CE7 /* FMDatabase.h */,
				94945EE01C77740700FD5CE7 /* FMDatabase.m */,
				94945EE11C77740700FD5CE7 /* FMDatabaseAdditions.h */,
				94945EE21C77740700FD5CE7 /* FMDatabaseAdditions.m */,
				94945EE31C77740700FD5CE7 /* FMDatabasePool.h */,
				94945EE41C77740700FD5CE7 /* FMDatabasePool.m */,
				94945EE51C77740700FD5CE7 /* FMDatabaseQueue.h */,
				94945EE61C77740700FD5CE7 /* FMDatabaseQueue.m */,
				94945EE71C77740700FD5CE7 /* FMDB.h */,
				94945EE81C77740700FD5CE7 /* FMResultSet.h */,
				94945EE91C77740700FD5CE7 /* FMResultSet.m */,
			);
			path = fmdb;
			sourceTree = "<group>";
		};
		94D9EE0B1C76EA0E00BC6A36 = {
			isa = PBXGroup;
			children = (
				94945EEF1C7778D100FD5CE7 /* libsqlite3.dylib */,
				942C6E2C1C774D8D00D43313 /* MapKit.framework */,
				94D9EE161C76EA0E00BC6A36 /* 嵩山野行 */,
				94D9EE301C76EA0E00BC6A36 /* 嵩山野行Tests */,
				94D9EE151C76EA0E00BC6A36 /* Products */,
				9899FCD4FB64EDF8593B0A78 /* Pods */,
				3E4FDA1A2ED246C8F270611C /* Frameworks */,
			);
			sourceTree = "<group>";
		};
		94D9EE151C76EA0E00BC6A36 /* Products */ = {
			isa = PBXGroup;
			children = (
				94D9EE141C76EA0E00BC6A36 /* 嵩山野行.app */,
				94D9EE2D1C76EA0E00BC6A36 /* 嵩山野行Tests.xctest */,
			);
			name = Products;
			sourceTree = "<group>";
		};
		94D9EE161C76EA0E00BC6A36 /* 嵩山野行 */ = {
			isa = PBXGroup;
			children = (
				94F0B00D1CE4D25D007D870F /* resources */,
				94F0AFCB1CE4D1C2007D870F /* chat */,
				94F0AFD11CE4D1C2007D870F /* discover */,
				94F0AFD71CE4D1C2007D870F /* home */,
				94F0AFE21CE4D1C2007D870F /* main */,
				94F0AFED1CE4D1C2007D870F /* map */,
				94F0AFF11CE4D1C2007D870F /* plus */,
				94F0AFF51CE4D1C2007D870F /* profile */,
				94F0AFFB1CE4D1C2007D870F /* tools */,
				94945EDD1C77740700FD5CE7 /* Libs */,
				94D9EE541C76F32A00BC6A36 /* Other */,
			);
			path = "嵩山野行";
			sourceTree = "<group>";
		};
		94D9EE301C76EA0E00BC6A36 /* 嵩山野行Tests */ = {
			isa = PBXGroup;
			children = (
				94D9EE311C76EA0E00BC6A36 /* ____Tests.m */,
				94D9EE331C76EA0E00BC6A36 /* Info.plist */,
			);
			path = "嵩山野行Tests";
			sourceTree = "<group>";
		};
		94D9EE541C76F32A00BC6A36 /* Other */ = {
			isa = PBXGroup;
			children = (
				94D9EE181C76EA0E00BC6A36 /* main.m */,
				94D9EE1A1C76EA0E00BC6A36 /* AppDelegate.h */,
				94D9EE1B1C76EA0E00BC6A36 /* AppDelegate.m */,
				94D9EE201C76EA0E00BC6A36 /* Main.storyboard */,
				94D9EE251C76EA0E00BC6A36 /* LaunchScreen.storyboard */,
				94D9EE281C76EA0E00BC6A36 /* Info.plist */,
			);
			name = Other;
			sourceTree = "<group>";
		};
		94F0AFCB1CE4D1C2007D870F /* chat */ = {
			isa = PBXGroup;
			children = (
				94F0AFCC1CE4D1C2007D870F /* controller */,
				94F0AFCF1CE4D1C2007D870F /* model */,
				94F0AFD01CE4D1C2007D870F /* view */,
			);
			path = chat;
			sourceTree = "<group>";
		};
		94F0AFCC1CE4D1C2007D870F /* controller */ = {
			isa = PBXGroup;
			children = (
				94F0AFCD1CE4D1C2007D870F /* JJConversationController.h */,
				94F0AFCE1CE4D1C2007D870F /* JJConversationController.m */,
			);
			path = controller;
			sourceTree = "<group>";
		};
		94F0AFCF1CE4D1C2007D870F /* model */ = {
			isa = PBXGroup;
			children = (
			);
			path = model;
			sourceTree = "<group>";
		};
		94F0AFD01CE4D1C2007D870F /* view */ = {
			isa = PBXGroup;
			children = (
			);
			path = view;
			sourceTree = "<group>";
		};
		94F0AFD11CE4D1C2007D870F /* discover */ = {
			isa = PBXGroup;
			children = (
				94F0AFD21CE4D1C2007D870F /* controller */,
				94F0AFD51CE4D1C2007D870F /* model */,
				94F0AFD61CE4D1C2007D870F /* view */,
			);
			path = discover;
			sourceTree = "<group>";
		};
		94F0AFD21CE4D1C2007D870F /* controller */ = {
			isa = PBXGroup;
			children = (
				94F0AFD31CE4D1C2007D870F /* JJDiscoverViewController.h */,
				94F0AFD41CE4D1C2007D870F /* JJDiscoverViewController.m */,
			);
			path = controller;
			sourceTree = "<group>";
		};
		94F0AFD51CE4D1C2007D870F /* model */ = {
			isa = PBXGroup;
			children = (
			);
			path = model;
			sourceTree = "<group>";
		};
		94F0AFD61CE4D1C2007D870F /* view */ = {
			isa = PBXGroup;
			children = (
			);
			path = view;
			sourceTree = "<group>";
		};
		94F0AFD71CE4D1C2007D870F /* home */ = {
			isa = PBXGroup;
			children = (
				94F0AFD81CE4D1C2007D870F /* controller */,
				94F0AFDB1CE4D1C2007D870F /* model */,
				94F0AFDE1CE4D1C2007D870F /* view */,
			);
			path = home;
			sourceTree = "<group>";
		};
		94F0AFD81CE4D1C2007D870F /* controller */ = {
			isa = PBXGroup;
			children = (
				94F0AFD91CE4D1C2007D870F /* JJHomeViewController.h */,
				94F0AFDA1CE4D1C2007D870F /* JJHomeViewController.m */,
			);
			path = controller;
			sourceTree = "<group>";
		};
		94F0AFDB1CE4D1C2007D870F /* model */ = {
			isa = PBXGroup;
			children = (
				94F0AFDC1CE4D1C2007D870F /* JJStatus.h */,
				94F0AFDD1CE4D1C2007D870F /* JJStatus.m */,
			);
			path = model;
			sourceTree = "<group>";
		};
		94F0AFDE1CE4D1C2007D870F /* view */ = {
			isa = PBXGroup;
			children = (
				94F0AFDF1CE4D1C2007D870F /* JJstatusCell.h */,
				94F0AFE01CE4D1C2007D870F /* JJstatusCell.m */,
				94F0AFE11CE4D1C2007D870F /* JJstatusCell.xib */,
			);
			path = view;
			sourceTree = "<group>";
		};
		94F0AFE21CE4D1C2007D870F /* main */ = {
			isa = PBXGroup;
			children = (
				94F0AFE31CE4D1C2007D870F /* controller */,
				94F0AFE81CE4D1C2007D870F /* view */,
			);
			path = main;
			sourceTree = "<group>";
		};
		94F0AFE31CE4D1C2007D870F /* controller */ = {
			isa = PBXGroup;
			children = (
				94F0AFE41CE4D1C2007D870F /* JJNavigationController.h */,
				94F0AFE51CE4D1C2007D870F /* JJNavigationController.m */,
				94F0AFE61CE4D1C2007D870F /* JJTabbarController.h */,
				94F0AFE71CE4D1C2007D870F /* JJTabbarController.m */,
			);
			path = controller;
			sourceTree = "<group>";
		};
		94F0AFE81CE4D1C2007D870F /* view */ = {
			isa = PBXGroup;
			children = (
				94F0AFE91CE4D1C2007D870F /* JJTabBar.h */,
				94F0AFEA1CE4D1C2007D870F /* JJTabBar.m */,
				94F0AFEB1CE4D1C2007D870F /* JJTabBarButton.h */,
				94F0AFEC1CE4D1C2007D870F /* JJTabBarButton.m */,
			);
			path = view;
			sourceTree = "<group>";
		};
		94F0AFED1CE4D1C2007D870F /* map */ = {
			isa = PBXGroup;
			children = (
				94F0AFEE1CE4D1C2007D870F /* controller */,
			);
			path = map;
			sourceTree = "<group>";
		};
		94F0AFEE1CE4D1C2007D870F /* controller */ = {
			isa = PBXGroup;
			children = (
				94F0AFEF1CE4D1C2007D870F /* JJMapViewController.h */,
				94F0AFF01CE4D1C2007D870F /* JJMapViewController.m */,
			);
			path = controller;
			sourceTree = "<group>";
		};
		94F0AFF11CE4D1C2007D870F /* plus */ = {
			isa = PBXGroup;
			children = (
				94F0AFF21CE4D1C2007D870F /* controller */,
			);
			path = plus;
			sourceTree = "<group>";
		};
		94F0AFF21CE4D1C2007D870F /* controller */ = {
			isa = PBXGroup;
			children = (
				94F0AFF31CE4D1C2007D870F /* JJPlusViewController.h */,
				94F0AFF41CE4D1C2007D870F /* JJPlusViewController.m */,
			);
			path = controller;
			sourceTree = "<group>";
		};
		94F0AFF51CE4D1C2007D870F /* profile */ = {
			isa = PBXGroup;
			children = (
				94F0AFF61CE4D1C2007D870F /* controller */,
			);
			path = profile;
			sourceTree = "<group>";
		};
		94F0AFF61CE4D1C2007D870F /* controller */ = {
			isa = PBXGroup;
			children = (
				94F0AFF71CE4D1C2007D870F /* JJProfileViewController.h */,
				94F0AFF81CE4D1C2007D870F /* JJProfileViewController.m */,
				94F0AFF91CE4D1C2007D870F /* JJSettingViewController.h */,
				94F0AFFA1CE4D1C2007D870F /* JJSettingViewController.m */,
			);
			path = controller;
			sourceTree = "<group>";
		};
		94F0AFFB1CE4D1C2007D870F /* tools */ = {
			isa = PBXGroup;
			children = (
				94F0AFFC1CE4D1C2007D870F /* JJDataBase.h */,
				94F0AFFD1CE4D1C2007D870F /* JJDataBase.m */,
			);
			path = tools;
			sourceTree = "<group>";
		};
		94F0B00D1CE4D25D007D870F /* resources */ = {
			isa = PBXGroup;
			children = (
				94F0B00E1CE4D25D007D870F /* Assets.xcassets */,
			);
			path = resources;
			sourceTree = "<group>";
		};
		9899FCD4FB64EDF8593B0A78 /* Pods */ = {
			isa = PBXGroup;
			children = (
				73C67999F67CA71FA4898159 /* Pods.debug.xcconfig */,
				5C22D2EAE6F8833F44348621 /* Pods.release.xcconfig */,
			);
			name = Pods;
			sourceTree = "<group>";
		};
/* End PBXGroup section */

/* Begin PBXNativeTarget section */
		94D9EE131C76EA0E00BC6A36 /* 嵩山野行 */ = {
			isa = PBXNativeTarget;
			buildConfigurationList = 94D9EE361C76EA0E00BC6A36 /* Build configuration list for PBXNativeTarget "嵩山野行" */;
			buildPhases = (
				CAA46F9EBCBF54BC17F1002C /* Check Pods Manifest.lock */,
				94D9EE101C76EA0E00BC6A36 /* Sources */,
				94D9EE111C76EA0E00BC6A36 /* Frameworks */,
				94D9EE121C76EA0E00BC6A36 /* Resources */,
				4645F342A153BACEC614836A /* Embed Pods Frameworks */,
				DBEEB259D8780D1E318635F2 /* Copy Pods Resources */,
			);
			buildRules = (
			);
			dependencies = (
			);
			name = "嵩山野行";
			productName = "嵩山野行";
			productReference = 94D9EE141C76EA0E00BC6A36 /* 嵩山野行.app */;
			productType = "com.apple.product-type.application";
		};
		94D9EE2C1C76EA0E00BC6A36 /* 嵩山野行Tests */ = {
			isa = PBXNativeTarget;
			buildConfigurationList = 94D9EE391C76EA0E00BC6A36 /* Build configuration list for PBXNativeTarget "嵩山野行Tests" */;
			buildPhases = (
				94D9EE291C76EA0E00BC6A36 /* Sources */,
				94D9EE2A1C76EA0E00BC6A36 /* Frameworks */,
				94D9EE2B1C76EA0E00BC6A36 /* Resources */,
			);
			buildRules = (
			);
			dependencies = (
				94D9EE2F1C76EA0E00BC6A36 /* PBXTargetDependency */,
			);
			name = "嵩山野行Tests";
			productName = "嵩山野行Tests";
			productReference = 94D9EE2D1C76EA0E00BC6A36 /* 嵩山野行Tests.xctest */;
			productType = "com.apple.product-type.bundle.unit-test";
		};
/* End PBXNativeTarget section */

/* Begin PBXProject section */
		94D9EE0C1C76EA0E00BC6A36 /* Project object */ = {
			isa = PBXProject;
			attributes = {
				LastUpgradeCheck = 0720;
				ORGANIZATIONNAME = TianJJ;
				TargetAttributes = {
					94D9EE131C76EA0E00BC6A36 = {
						CreatedOnToolsVersion = 7.2;
						DevelopmentTeam = L2BHCA2RCG;
						SystemCapabilities = {
							com.apple.BackgroundModes = {
								enabled = 1;
							};
						};
					};
					94D9EE2C1C76EA0E00BC6A36 = {
						CreatedOnToolsVersion = 7.2;
						DevelopmentTeam = FE4S7YV6PP;
						TestTargetID = 94D9EE131C76EA0E00BC6A36;
					};
				};
			};
			buildConfigurationList = 94D9EE0F1C76EA0E00BC6A36 /* Build configuration list for PBXProject "嵩山野行" */;
			compatibilityVersion = "Xcode 3.2";
			developmentRegion = English;
			hasScannedForEncodings = 0;
			knownRegions = (
				en,
				Base,
			);
			mainGroup = 94D9EE0B1C76EA0E00BC6A36;
			productRefGroup = 94D9EE151C76EA0E00BC6A36 /* Products */;
			projectDirPath = "";
			projectRoot = "";
			targets = (
				94D9EE131C76EA0E00BC6A36 /* 嵩山野行 */,
				94D9EE2C1C76EA0E00BC6A36 /* 嵩山野行Tests */,
			);
		};
/* End PBXProject section */

/* Begin PBXResourcesBuildPhase section */
		94D9EE121C76EA0E00BC6A36 /* Resources */ = {
			isa = PBXResourcesBuildPhase;
			buildActionMask = 2147483647;
			files = (
				94D9EE271C76EA0E00BC6A36 /* LaunchScreen.storyboard in Resources */,
				94F0B0031CE4D1C2007D870F /* JJstatusCell.xib in Resources */,
				94F0B00F1CE4D25D007D870F /* Assets.xcassets in Resources */,
				94D9EE221C76EA0E00BC6A36 /* Main.storyboard in Resources */,
			);
			runOnlyForDeploymentPostprocessing = 0;
		};
		94D9EE2B1C76EA0E00BC6A36 /* Resources */ = {
			isa = PBXResourcesBuildPhase;
			buildActionMask = 2147483647;
			files = (
			);
			runOnlyForDeploymentPostprocessing = 0;
		};
/* End PBXResourcesBuildPhase section */

/* Begin PBXShellScriptBuildPhase section */
		4645F342A153BACEC614836A /* Embed Pods Frameworks */ = {
			isa = PBXShellScriptBuildPhase;
			buildActionMask = 2147483647;
			files = (
			);
			inputPaths = (
			);
			name = "Embed Pods Frameworks";
			outputPaths = (
			);
			runOnlyForDeploymentPostprocessing = 0;
			shellPath = /bin/sh;
			shellScript = "\"${SRCROOT}/Pods/Target Support Files/Pods/Pods-frameworks.sh\"\n";
			showEnvVarsInLog = 0;
		};
		CAA46F9EBCBF54BC17F1002C /* Check Pods Manifest.lock */ = {
			isa = PBXShellScriptBuildPhase;
			buildActionMask = 2147483647;
			files = (
			);
			inputPaths = (
			);
			name = "Check Pods Manifest.lock";
			outputPaths = (
			);
			runOnlyForDeploymentPostprocessing = 0;
			shellPath = /bin/sh;
			shellScript = "diff \"${PODS_ROOT}/../Podfile.lock\" \"${PODS_ROOT}/Manifest.lock\" > /dev/null\nif [[ $? != 0 ]] ; then\n    cat << EOM\nerror: The sandbox is not in sync with the Podfile.lock. Run 'pod install' or update your CocoaPods installation.\nEOM\n    exit 1\nfi\n";
			showEnvVarsInLog = 0;
		};
		DBEEB259D8780D1E318635F2 /* Copy Pods Resources */ = {
			isa = PBXShellScriptBuildPhase;
			buildActionMask = 2147483647;
			files = (
			);
			inputPaths = (
			);
			name = "Copy Pods Resources";
			outputPaths = (
			);
			runOnlyForDeploymentPostprocessing = 0;
			shellPath = /bin/sh;
			shellScript = "\"${SRCROOT}/Pods/Target Support Files/Pods/Pods-resources.sh\"\n";
			showEnvVarsInLog = 0;
		};
/* End PBXShellScriptBuildPhase section */

/* Begin PBXSourcesBuildPhase section */
		94D9EE101C76EA0E00BC6A36 /* Sources */ = {
			isa = PBXSourcesBuildPhase;
			buildActionMask = 2147483647;
			files = (
				94F0AFFE1CE4D1C2007D870F /* JJConversationController.m in Sources */,
				94F0B0001CE4D1C2007D870F /* JJHomeViewController.m in Sources */,
				94F0B00A1CE4D1C2007D870F /* JJProfileViewController.m in Sources */,
				94D9EE1C1C76EA0E00BC6A36 /* AppDelegate.m in Sources */,
				94F0B0061CE4D1C2007D870F /* JJTabBar.m in Sources */,
				94F0B00C1CE4D1C2007D870F /* JJDataBase.m in Sources */,
				94F0B0051CE4D1C2007D870F /* JJTabbarController.m in Sources */,
				94945EEA1C77740700FD5CE7 /* FMDatabase.m in Sources */,
				94F0B0011CE4D1C2007D870F /* JJStatus.m in Sources */,
				94F0B0071CE4D1C2007D870F /* JJTabBarButton.m in Sources */,
				94945EEE1C77740700FD5CE7 /* FMResultSet.m in Sources */,
				94D9EE191C76EA0E00BC6A36 /* main.m in Sources */,
				94945EEC1C77740700FD5CE7 /* FMDatabasePool.m in Sources */,
				94F0AFFF1CE4D1C2007D870F /* JJDiscoverViewController.m in Sources */,
				94F0B0021CE4D1C2007D870F /* JJstatusCell.m in Sources */,
				94F0B0081CE4D1C2007D870F /* JJMapViewController.m in Sources */,
				94F0B0091CE4D1C2007D870F /* JJPlusViewController.m in Sources */,
				94945EED1C77740700FD5CE7 /* FMDatabaseQueue.m in Sources */,
				94F0B00B1CE4D1C2007D870F /* JJSettingViewController.m in Sources */,
				94F0B0041CE4D1C2007D870F /* JJNavigationController.m in Sources */,
				94945EEB1C77740700FD5CE7 /* FMDatabaseAdditions.m in Sources */,
			);
			runOnlyForDeploymentPostprocessing = 0;
		};
		94D9EE291C76EA0E00BC6A36 /* Sources */ = {
			isa = PBXSourcesBuildPhase;
			buildActionMask = 2147483647;
			files = (
				94D9EE321C76EA0E00BC6A36 /* ____Tests.m in Sources */,
			);
			runOnlyForDeploymentPostprocessing = 0;
		};
/* End PBXSourcesBuildPhase section */

/* Begin PBXTargetDependency section */
		94D9EE2F1C76EA0E00BC6A36 /* PBXTargetDependency */ = {
			isa = PBXTargetDependency;
			target = 94D9EE131C76EA0E00BC6A36 /* 嵩山野行 */;
			targetProxy = 94D9EE2E1C76EA0E00BC6A36 /* PBXContainerItemProxy */;
		};
/* End PBXTargetDependency section */

/* Begin PBXVariantGroup section */
		94D9EE201C76EA0E00BC6A36 /* Main.storyboard */ = {
			isa = PBXVariantGroup;
			children = (
				94D9EE211C76EA0E00BC6A36 /* Base */,
			);
			name = Main.storyboard;
			sourceTree = "<group>";
		};
		94D9EE251C76EA0E00BC6A36 /* LaunchScreen.storyboard */ = {
			isa = PBXVariantGroup;
			children = (
				94D9EE261C76EA0E00BC6A36 /* Base */,
			);
			name = LaunchScreen.storyboard;
			sourceTree = "<group>";
		};
/* End PBXVariantGroup section */

/* Begin XCBuildConfiguration section */
		94D9EE341C76EA0E00BC6A36 /* Debug */ = {
			isa = XCBuildConfiguration;
			buildSettings = {
				ALWAYS_SEARCH_USER_PATHS = NO;
				CLANG_CXX_LANGUAGE_STANDARD = "gnu++0x";
				CLANG_CXX_LIBRARY = "libc++";
				CLANG_ENABLE_MODULES = YES;
				CLANG_ENABLE_OBJC_ARC = YES;
				CLANG_WARN_BOOL_CONVERSION = YES;
				CLANG_WARN_CONSTANT_CONVERSION = YES;
				CLANG_WARN_DIRECT_OBJC_ISA_USAGE = YES_ERROR;
				CLANG_WARN_EMPTY_BODY = YES;
				CLANG_WARN_ENUM_CONVERSION = YES;
				CLANG_WARN_INT_CONVERSION = YES;
				CLANG_WARN_OBJC_ROOT_CLASS = YES_ERROR;
				CLANG_WARN_UNREACHABLE_CODE = YES;
				CLANG_WARN__DUPLICATE_METHOD_MATCH = YES;
				"CODE_SIGN_IDENTITY[sdk=iphoneos*]" = "iPhone Developer";
				COPY_PHASE_STRIP = NO;
				DEBUG_INFORMATION_FORMAT = dwarf;
				ENABLE_STRICT_OBJC_MSGSEND = YES;
				ENABLE_TESTABILITY = YES;
				GCC_C_LANGUAGE_STANDARD = gnu99;
				GCC_DYNAMIC_NO_PIC = NO;
				GCC_NO_COMMON_BLOCKS = YES;
				GCC_OPTIMIZATION_LEVEL = 0;
				GCC_PREPROCESSOR_DEFINITIONS = (
					"DEBUG=1",
					"$(inherited)",
				);
				GCC_WARN_64_TO_32_BIT_CONVERSION = YES;
				GCC_WARN_ABOUT_RETURN_TYPE = YES_ERROR;
				GCC_WARN_UNDECLARED_SELECTOR = YES;
				GCC_WARN_UNINITIALIZED_AUTOS = YES_AGGRESSIVE;
				GCC_WARN_UNUSED_FUNCTION = YES;
				GCC_WARN_UNUSED_VARIABLE = YES;
				IPHONEOS_DEPLOYMENT_TARGET = 9.2;
				MTL_ENABLE_DEBUG_INFO = YES;
				ONLY_ACTIVE_ARCH = YES;
				SDKROOT = iphoneos;
				TARGETED_DEVICE_FAMILY = "1,2";
			};
			name = Debug;
		};
		94D9EE351C76EA0E00BC6A36 /* Release */ = {
			isa = XCBuildConfiguration;
			buildSettings = {
				ALWAYS_SEARCH_USER_PATHS = NO;
				CLANG_CXX_LANGUAGE_STANDARD = "gnu++0x";
				CLANG_CXX_LIBRARY = "libc++";
				CLANG_ENABLE_MODULES = YES;
				CLANG_ENABLE_OBJC_ARC = YES;
				CLANG_WARN_BOOL_CONVERSION = YES;
				CLANG_WARN_CONSTANT_CONVERSION = YES;
				CLANG_WARN_DIRECT_OBJC_ISA_USAGE = YES_ERROR;
				CLANG_WARN_EMPTY_BODY = YES;
				CLANG_WARN_ENUM_CONVERSION = YES;
				CLANG_WARN_INT_CONVERSION = YES;
				CLANG_WARN_OBJC_ROOT_CLASS = YES_ERROR;
				CLANG_WARN_UNREACHABLE_CODE = YES;
				CLANG_WARN__DUPLICATE_METHOD_MATCH = YES;
				"CODE_SIGN_IDENTITY[sdk=iphoneos*]" = "iPhone Developer";
				COPY_PHASE_STRIP = NO;
				DEBUG_INFORMATION_FORMAT = "dwarf-with-dsym";
				ENABLE_NS_ASSERTIONS = NO;
				ENABLE_STRICT_OBJC_MSGSEND = YES;
				GCC_C_LANGUAGE_STANDARD = gnu99;
				GCC_NO_COMMON_BLOCKS = YES;
				GCC_WARN_64_TO_32_BIT_CONVERSION = YES;
				GCC_WARN_ABOUT_RETURN_TYPE = YES_ERROR;
				GCC_WARN_UNDECLARED_SELECTOR = YES;
				GCC_WARN_UNINITIALIZED_AUTOS = YES_AGGRESSIVE;
				GCC_WARN_UNUSED_FUNCTION = YES;
				GCC_WARN_UNUSED_VARIABLE = YES;
				IPHONEOS_DEPLOYMENT_TARGET = 9.2;
				MTL_ENABLE_DEBUG_INFO = NO;
				SDKROOT = iphoneos;
				TARGETED_DEVICE_FAMILY = "1,2";
				VALIDATE_PRODUCT = YES;
			};
			name = Release;
		};
		94D9EE371C76EA0E00BC6A36 /* Debug */ = {
			isa = XCBuildConfiguration;
			baseConfigurationReference = 73C67999F67CA71FA4898159 /* Pods.debug.xcconfig */;
			buildSettings = {
				ASSETCATALOG_COMPILER_APPICON_NAME = AppIcon;
				CODE_SIGN_IDENTITY = "iPhone Developer";
				"CODE_SIGN_IDENTITY[sdk=iphoneos*]" = "iPhone Developer";
				INFOPLIST_FILE = "嵩山野行/Info.plist";
				LD_RUNPATH_SEARCH_PATHS = "$(inherited) @executable_path/Frameworks";
				PRODUCT_BUNDLE_IDENTIFIER = "com.tiangames.----";
				PRODUCT_NAME = "$(TARGET_NAME)";
				PROVISIONING_PROFILE = "";
			};
			name = Debug;
		};
		94D9EE381C76EA0E00BC6A36 /* Release */ = {
			isa = XCBuildConfiguration;
			baseConfigurationReference = 5C22D2EAE6F8833F44348621 /* Pods.release.xcconfig */;
			buildSettings = {
				ASSETCATALOG_COMPILER_APPICON_NAME = AppIcon;
				CODE_SIGN_IDENTITY = "iPhone Developer";
				"CODE_SIGN_IDENTITY[sdk=iphoneos*]" = "iPhone Developer";
				INFOPLIST_FILE = "嵩山野行/Info.plist";
				LD_RUNPATH_SEARCH_PATHS = "$(inherited) @executable_path/Frameworks";
				PRODUCT_BUNDLE_IDENTIFIER = "com.tiangames.----";
				PRODUCT_NAME = "$(TARGET_NAME)";
				PROVISIONING_PROFILE = "";
			};
			name = Release;
		};
		94D9EE3A1C76EA0E00BC6A36 /* Debug */ = {
			isa = XCBuildConfiguration;
			buildSettings = {
				BUNDLE_LOADER = "$(TEST_HOST)";
				INFOPLIST_FILE = "嵩山野行Tests/Info.plist";
				LD_RUNPATH_SEARCH_PATHS = "$(inherited) @executable_path/Frameworks @loader_path/Frameworks";
				PRODUCT_BUNDLE_IDENTIFIER = "com.tiangames.----Tests";
				PRODUCT_NAME = "$(TARGET_NAME)";
				TEST_HOST = "$(BUILT_PRODUCTS_DIR)/嵩山野行.app/嵩山野行";
			};
			name = Debug;
		};
		94D9EE3B1C76EA0E00BC6A36 /* Release */ = {
			isa = XCBuildConfiguration;
			buildSettings = {
				BUNDLE_LOADER = "$(TEST_HOST)";
				INFOPLIST_FILE = "嵩山野行Tests/Info.plist";
				LD_RUNPATH_SEARCH_PATHS = "$(inherited) @executable_path/Frameworks @loader_path/Frameworks";
				PRODUCT_BUNDLE_IDENTIFIER = "com.tiangames.----Tests";
				PRODUCT_NAME = "$(TARGET_NAME)";
				TEST_HOST = "$(BUILT_PRODUCTS_DIR)/嵩山野行.app/嵩山野行";
			};
			name = Release;
		};
/* End XCBuildConfiguration section */

/* Begin XCConfigurationList section */
		94D9EE0F1C76EA0E00BC6A36 /* Build configuration list for PBXProject "嵩山野行" */ = {
			isa = XCConfigurationList;
			buildConfigurations = (
				94D9EE341C76EA0E00BC6A36 /* Debug */,
				94D9EE351C76EA0E00BC6A36 /* Release */,
			);
			defaultConfigurationIsVisible = 0;
			defaultConfigurationName = Release;
		};
		94D9EE361C76EA0E00BC6A36 /* Build configuration list for PBXNativeTarget "嵩山野行" */ = {
			isa = XCConfigurationList;
			buildConfigurations = (
				94D9EE371C76EA0E00BC6A36 /* Debug */,
				94D9EE381C76EA0E00BC6A36 /* Release */,
			);
			defaultConfigurationIsVisible = 0;
			defaultConfigurationName = Release;
		};
		94D9EE391C76EA0E00BC6A36 /* Build configuration list for PBXNativeTarget "嵩山野行Tests" */ = {
			isa = XCConfigurationList;
			buildConfigurations = (
				94D9EE3A1C76EA0E00BC6A36 /* Debug */,
				94D9EE3B1C76EA0E00BC6A36 /* Release */,
			);
			defaultConfigurationIsVisible = 0;
			defaultConfigurationName = Release;
		};
/* End XCConfigurationList section */
	};
	rootObject = 94D9EE0C1C76EA0E00BC6A36 /* Project object */;
}
